
Microsoft Visual Studio Solution File, Format Version 12.00
# Visual Studio Version 17
VisualStudioVersion = 17.7.34031.279
MinimumVisualStudioVersion = 10.0.40219.1
Project("{FAE04EC0-301F-11D3-BF4B-00C04F79EFBC}") = "22110447_Day04_Matrix", "22110447_Day04_Matrix.csproj", "{09F0AAA4-E19A-4615-9D1C-0F5E890DBE66}"
EndProject
Project("{FAE04EC0-301F-11D3-BF4B-00C04F79EFBC}") = "22110447_Day04_ExerciseI", "..\22110447_Day04_TryParse\22110447_Day04_ExerciseI.csproj", "{DB18C7CC-EC8F-4ACE-ADE9-1920E65D0149}"
EndProject
Project("{FAE04EC0-301F-11D3-BF4B-00C04F79EFBC}") = "22110447_Day04_ExerciseII", "..\Parse\22110447_Day04_ExerciseII.csproj", "{8432E039-BF78-46DB-B6C0-98FDF9B59E30}"
EndProject
Project("{FAE04EC0-301F-11D3-BF4B-00C04F79EFBC}") = "22110447_Day04_ExerciseIII", "..\22110447_Day04_ExerciseIII\22110447_Day04_ExerciseIII.csproj", "{453C9A68-9F33-4D39-A6BB-54F9991A2197}"
EndProject
Project("{FAE04EC0-301F-11D3-BF4B-00C04F79EFBC}") = "22110447_Day04_Employee", "..\22110447_Day04_Employee\22110447_Day04_Employee.csproj", "{08507ED7-4569-43F3-9D8D-368A3D8F9D55}"
EndProject
Project("{FAE04EC0-301F-11D3-BF4B-00C04F79EFBC}") = "22110447_Day04_ComplexNumber", "..\22110447_Day04_ComplexNumber\22110447_Day04_ComplexNumber.csproj", "{17D2DAF1-C8E2-4E24-A483-8AB64A952419}"
EndProject
Project("{FAE04EC0-301F-11D3-BF4B-00C04F79EFBC}") = "22110447_Day04_Assignment(123)", "..\22110447_Day04_Assignment(123)\22110447_Day04_Assignment(123).csproj", "{C65D249C-954F-4A2D-A90C-62D63E5A68A3}"
EndProject
Project("{FAE04EC0-301F-11D3-BF4B-00C04F79EFBC}") = "22110447_Day04_TryParse", "..\22110447_Day04_TryParse\22110447_Day04_TryParse.csproj", "{591876D1-2E7F-413E-A157-F5913656A982}"
EndProject
Project("{FAE04EC0-301F-11D3-BF4B-00C04F79EFBC}") = "22110447_Day04_Constants", "..\22110447_Day04_Constants\22110447_Day04_Constants.csproj", "{DFFC231F-3A06-498B-B44B-F5BCC24732E6}"
EndProject
Project("{FAE04EC0-301F-11D3-BF4B-00C04F79EFBC}") = "22110447_Day04_OverloadedMethodsExercise", "..\22110447_Day04_060 OverloadedMethodsExercise\22110447_Day04_OverloadedMethodsExercise.csproj", "{271AAE81-1945-4E8B-A755-B69CFFDE5F29}"
EndProject
Project("{FAE04EC0-301F-11D3-BF4B-00C04F79EFBC}") = "22110447_Day04_Constructors", "..\22110447_Day04_Constructors\22110447_Day04_Constructors.csproj", "{FA69E09A-F9C3-4B13-B305-A5C9EA20987D}"
EndProject
Project("{FAE04EC0-301F-11D3-BF4B-00C04F79EFBC}") = "22110447_Day04_StaticMethods", "..\22110447_Day04_StaticMethods\22110447_Day04_StaticMethods.csproj", "{D19792AD-2473-43C2-9F9C-44D2105F270B}"
EndProject
Global
	GlobalSection(SolutionConfigurationPlatforms) = preSolution
		Debug|Any CPU = Debug|Any CPU
		Release|Any CPU = Release|Any CPU
	EndGlobalSection
	GlobalSection(ProjectConfigurationPlatforms) = postSolution
		{09F0AAA4-E19A-4615-9D1C-0F5E890DBE66}.Debug|Any CPU.ActiveCfg = Debug|Any CPU
		{09F0AAA4-E19A-4615-9D1C-0F5E890DBE66}.Debug|Any CPU.Build.0 = Debug|Any CPU
		{09F0AAA4-E19A-4615-9D1C-0F5E890DBE66}.Release|Any CPU.ActiveCfg = Release|Any CPU
		{09F0AAA4-E19A-4615-9D1C-0F5E890DBE66}.Release|Any CPU.Build.0 = Release|Any CPU
		{DB18C7CC-EC8F-4ACE-ADE9-1920E65D0149}.Debug|Any CPU.ActiveCfg = Debug|Any CPU
		{DB18C7CC-EC8F-4ACE-ADE9-1920E65D0149}.Debug|Any CPU.Build.0 = Debug|Any CPU
		{DB18C7CC-EC8F-4ACE-ADE9-1920E65D0149}.Release|Any CPU.ActiveCfg = Release|Any CPU
		{DB18C7CC-EC8F-4ACE-ADE9-1920E65D0149}.Release|Any CPU.Build.0 = Release|Any CPU
		{8432E039-BF78-46DB-B6C0-98FDF9B59E30}.Debug|Any CPU.ActiveCfg = Debug|Any CPU
		{8432E039-BF78-46DB-B6C0-98FDF9B59E30}.Debug|Any CPU.Build.0 = Debug|Any CPU
		{8432E039-BF78-46DB-B6C0-98FDF9B59E30}.Release|Any CPU.ActiveCfg = Release|Any CPU
		{8432E039-BF78-46DB-B6C0-98FDF9B59E30}.Release|Any CPU.Build.0 = Release|Any CPU
		{453C9A68-9F33-4D39-A6BB-54F9991A2197}.Debug|Any CPU.ActiveCfg = Debug|Any CPU
		{453C9A68-9F33-4D39-A6BB-54F9991A2197}.Debug|Any CPU.Build.0 = Debug|Any CPU
		{453C9A68-9F33-4D39-A6BB-54F9991A2197}.Release|Any CPU.ActiveCfg = Release|Any CPU
		{453C9A68-9F33-4D39-A6BB-54F9991A2197}.Release|Any CPU.Build.0 = Release|Any CPU
		{08507ED7-4569-43F3-9D8D-368A3D8F9D55}.Debug|Any CPU.ActiveCfg = Debug|Any CPU
		{08507ED7-4569-43F3-9D8D-368A3D8F9D55}.Debug|Any CPU.Build.0 = Debug|Any CPU
		{08507ED7-4569-43F3-9D8D-368A3D8F9D55}.Release|Any CPU.ActiveCfg = Release|Any CPU
		{08507ED7-4569-43F3-9D8D-368A3D8F9D55}.Release|Any CPU.Build.0 = Release|Any CPU
		{17D2DAF1-C8E2-4E24-A483-8AB64A952419}.Debug|Any CPU.ActiveCfg = Debug|Any CPU
		{17D2DAF1-C8E2-4E24-A483-8AB64A952419}.Debug|Any CPU.Build.0 = Debug|Any CPU
		{17D2DAF1-C8E2-4E24-A483-8AB64A952419}.Release|Any CPU.ActiveCfg = Release|Any CPU
		{17D2DAF1-C8E2-4E24-A483-8AB64A952419}.Release|Any CPU.Build.0 = Release|Any CPU
		{C65D249C-954F-4A2D-A90C-62D63E5A68A3}.Debug|Any CPU.ActiveCfg = Debug|Any CPU
		{C65D249C-954F-4A2D-A90C-62D63E5A68A3}.Debug|Any CPU.Build.0 = Debug|Any CPU
		{C65D249C-954F-4A2D-A90C-62D63E5A68A3}.Release|Any CPU.ActiveCfg = Release|Any CPU
		{C65D249C-954F-4A2D-A90C-62D63E5A68A3}.Release|Any CPU.Build.0 = Release|Any CPU
		{591876D1-2E7F-413E-A157-F5913656A982}.Debug|Any CPU.ActiveCfg = Debug|Any CPU
		{591876D1-2E7F-413E-A157-F5913656A982}.Debug|Any CPU.Build.0 = Debug|Any CPU
		{591876D1-2E7F-413E-A157-F5913656A982}.Release|Any CPU.ActiveCfg = Release|Any CPU
		{591876D1-2E7F-413E-A157-F5913656A982}.Release|Any CPU.Build.0 = Release|Any CPU
		{DFFC231F-3A06-498B-B44B-F5BCC24732E6}.Debug|Any CPU.ActiveCfg = Debug|Any CPU
		{DFFC231F-3A06-498B-B44B-F5BCC24732E6}.Debug|Any CPU.Build.0 = Debug|Any CPU
		{DFFC231F-3A06-498B-B44B-F5BCC24732E6}.Release|Any CPU.ActiveCfg = Release|Any CPU
		{DFFC231F-3A06-498B-B44B-F5BCC24732E6}.Release|Any CPU.Build.0 = Release|Any CPU
		{271AAE81-1945-4E8B-A755-B69CFFDE5F29}.Debug|Any CPU.ActiveCfg = Debug|Any CPU
		{271AAE81-1945-4E8B-A755-B69CFFDE5F29}.Debug|Any CPU.Build.0 = Debug|Any CPU
		{271AAE81-1945-4E8B-A755-B69CFFDE5F29}.Release|Any CPU.ActiveCfg = Release|Any CPU
		{271AAE81-1945-4E8B-A755-B69CFFDE5F29}.Release|Any CPU.Build.0 = Release|Any CPU
		{FA69E09A-F9C3-4B13-B305-A5C9EA20987D}.Debug|Any CPU.ActiveCfg = Debug|Any CPU
		{FA69E09A-F9C3-4B13-B305-A5C9EA20987D}.Debug|Any CPU.Build.0 = Debug|Any CPU
		{FA69E09A-F9C3-4B13-B305-A5C9EA20987D}.Release|Any CPU.ActiveCfg = Release|Any CPU
		{FA69E09A-F9C3-4B13-B305-A5C9EA20987D}.Release|Any CPU.Build.0 = Release|Any CPU
		{D19792AD-2473-43C2-9F9C-44D2105F270B}.Debug|Any CPU.ActiveCfg = Debug|Any CPU
		{D19792AD-2473-43C2-9F9C-44D2105F270B}.Debug|Any CPU.Build.0 = Debug|Any CPU
		{D19792AD-2473-43C2-9F9C-44D2105F270B}.Release|Any CPU.ActiveCfg = Release|Any CPU
		{D19792AD-2473-43C2-9F9C-44D2105F270B}.Release|Any CPU.Build.0 = Release|Any CPU
	EndGlobalSection
	GlobalSection(SolutionProperties) = preSolution
		HideSolutionNode = FALSE
	EndGlobalSection
	GlobalSection(ExtensibilityGlobals) = postSolution
		SolutionGuid = {FDA2A893-823D-44D4-8743-EC1F465FBC29}
	EndGlobalSection
EndGlobal
