
Microsoft Visual Studio Solution File, Format Version 12.00
# Visual Studio Version 17
VisualStudioVersion = 17.7.34024.191
MinimumVisualStudioVersion = 10.0.40219.1
Project("{FAE04EC0-301F-11D3-BF4B-00C04F79EFBC}") = "22110447_Day02_BienVaHang", "22110447_Day02_BienVaHang.csproj", "{63C09D52-4BCE-4400-8CB4-8E80DBFCF434}"
EndProject
Project("{FAE04EC0-301F-11D3-BF4B-00C04F79EFBC}") = "22110447_Day02_Enum01", "..\22110447_Day02_Enum01\22110447_Day02_Enum01.csproj", "{4165F54D-F315-4FFA-A45B-54A7CFCC1791}"
EndProject
Project("{FAE04EC0-301F-11D3-BF4B-00C04F79EFBC}") = "22110447_Day02_Enum02", "..\22110447_Day02_Enum02\22110447_Day02_Enum02.csproj", "{A396A443-6B9F-4781-9349-9FD99ADC30D5}"
EndProject
Project("{FAE04EC0-301F-11D3-BF4B-00C04F79EFBC}") = "22110447_Day02_Enum03", "..\22110447_Day02_Enum03\22110447_Day02_Enum03.csproj", "{DBE77162-7306-4F48-9B5F-9480F1DF7831}"
EndProject
Project("{FAE04EC0-301F-11D3-BF4B-00C04F79EFBC}") = "22110447_Day02_Enum04", "..\22110447_Day02_Enum04\22110447_Day02_Enum04.csproj", "{9E0A88B0-C3FF-466D-A11C-DB968598D92F}"
EndProject
Project("{FAE04EC0-301F-11D3-BF4B-00C04F79EFBC}") = "22110447_Day02_RefAndOut", "..\22110447_Day02_RefAndOut\22110447_Day02_RefAndOut.csproj", "{55E25899-2664-4FD9-937F-61FF47F5C661}"
EndProject
Project("{FAE04EC0-301F-11D3-BF4B-00C04F79EFBC}") = "22110447_Day02_RefAndOut2", "..\22110447_Day02_RefAndOut2\22110447_Day02_RefAndOut2.csproj", "{03B03C3A-9031-46B7-B855-ED5887ED17CF}"
EndProject
Project("{FAE04EC0-301F-11D3-BF4B-00C04F79EFBC}") = "22110447_Day02_Overloading01", "..\22110447_Day02_Overloading01\22110447_Day02_Overloading01.csproj", "{1150F23F-6271-43F3-84BB-C1B1C903F828}"
EndProject
Project("{FAE04EC0-301F-11D3-BF4B-00C04F79EFBC}") = "22110447_Day02_Overloading02", "..\22110447_Day02_Overloading02\22110447_Day02_Overloading02.csproj", "{EDFC56F2-BC14-480E-B224-02509007534B}"
EndProject
Project("{FAE04EC0-301F-11D3-BF4B-00C04F79EFBC}") = "22110447_Day02_SimpleMethodExercise", "..\22110447_Day02_SimpleMethodExercise\22110447_Day02_SimpleMethodExercise.csproj", "{1D46919D-4E92-4E6B-A143-4AD60CCD059B}"
EndProject
Project("{FAE04EC0-301F-11D3-BF4B-00C04F79EFBC}") = "22110447_Day02_ValueVsReference", "..\22110447_Day02_ValueVsReference\22110447_Day02_ValueVsReference.csproj", "{F91F9E98-D9CD-4A25-9E19-8FAB565B4F35}"
EndProject
Project("{FAE04EC0-301F-11D3-BF4B-00C04F79EFBC}") = "22110447_Day02_OverloadedMethodsExercise", "..\22110447_Day02_OverloadedMethodsExercise\22110447_Day02_OverloadedMethodsExercise.csproj", "{74839320-C379-4B56-9D38-16FDBB17E0DE}"
EndProject
Project("{FAE04EC0-301F-11D3-BF4B-00C04F79EFBC}") = "22110447_Day02_OverloadedMethods", "..\22110447_Day02_OverloadedMethods\22110447_Day02_OverloadedMethods.csproj", "{19EEB9A7-28FD-4A84-BC67-6453F225E85F}"
EndProject
Project("{FAE04EC0-301F-11D3-BF4B-00C04F79EFBC}") = "22110447_Day02_Method_Part02", "..\22110447_Day02_Method_Part02\22110447_Day02_Method_Part02.csproj", "{5888719B-9ADF-4E02-A509-2D96B488C825}"
EndProject
Project("{FAE04EC0-301F-11D3-BF4B-00C04F79EFBC}") = "22110447_Day02_Method_Part01", "..\22110447_Day02_Method_Part01\22110447_Day02_Method_Part01.csproj", "{68E39237-0F58-473C-98BE-F23A926C2D35}"
EndProject
Project("{FAE04EC0-301F-11D3-BF4B-00C04F79EFBC}") = "22110447_Day02_CarExercise", "..\22110447_Day02_CarExercise\22110447_Day02_CarExercise.csproj", "{50F73718-F523-4B4E-BF22-CDAA20AFA320}"
EndProject
Project("{FAE04EC0-301F-11D3-BF4B-00C04F79EFBC}") = "22110447_Day02_Classes", "..\22110447_Day02_Classes\22110447_Day02_Classes.csproj", "{CCCF81CE-E0FA-48DC-BC0D-231479CA761D}"
EndProject
Global
	GlobalSection(SolutionConfigurationPlatforms) = preSolution
		Debug|Any CPU = Debug|Any CPU
		Release|Any CPU = Release|Any CPU
	EndGlobalSection
	GlobalSection(ProjectConfigurationPlatforms) = postSolution
		{63C09D52-4BCE-4400-8CB4-8E80DBFCF434}.Debug|Any CPU.ActiveCfg = Debug|Any CPU
		{63C09D52-4BCE-4400-8CB4-8E80DBFCF434}.Debug|Any CPU.Build.0 = Debug|Any CPU
		{63C09D52-4BCE-4400-8CB4-8E80DBFCF434}.Release|Any CPU.ActiveCfg = Release|Any CPU
		{63C09D52-4BCE-4400-8CB4-8E80DBFCF434}.Release|Any CPU.Build.0 = Release|Any CPU
		{4165F54D-F315-4FFA-A45B-54A7CFCC1791}.Debug|Any CPU.ActiveCfg = Debug|Any CPU
		{4165F54D-F315-4FFA-A45B-54A7CFCC1791}.Debug|Any CPU.Build.0 = Debug|Any CPU
		{4165F54D-F315-4FFA-A45B-54A7CFCC1791}.Release|Any CPU.ActiveCfg = Release|Any CPU
		{4165F54D-F315-4FFA-A45B-54A7CFCC1791}.Release|Any CPU.Build.0 = Release|Any CPU
		{A396A443-6B9F-4781-9349-9FD99ADC30D5}.Debug|Any CPU.ActiveCfg = Debug|Any CPU
		{A396A443-6B9F-4781-9349-9FD99ADC30D5}.Debug|Any CPU.Build.0 = Debug|Any CPU
		{A396A443-6B9F-4781-9349-9FD99ADC30D5}.Release|Any CPU.ActiveCfg = Release|Any CPU
		{A396A443-6B9F-4781-9349-9FD99ADC30D5}.Release|Any CPU.Build.0 = Release|Any CPU
		{DBE77162-7306-4F48-9B5F-9480F1DF7831}.Debug|Any CPU.ActiveCfg = Debug|Any CPU
		{DBE77162-7306-4F48-9B5F-9480F1DF7831}.Debug|Any CPU.Build.0 = Debug|Any CPU
		{DBE77162-7306-4F48-9B5F-9480F1DF7831}.Release|Any CPU.ActiveCfg = Release|Any CPU
		{DBE77162-7306-4F48-9B5F-9480F1DF7831}.Release|Any CPU.Build.0 = Release|Any CPU
		{9E0A88B0-C3FF-466D-A11C-DB968598D92F}.Debug|Any CPU.ActiveCfg = Debug|Any CPU
		{9E0A88B0-C3FF-466D-A11C-DB968598D92F}.Debug|Any CPU.Build.0 = Debug|Any CPU
		{9E0A88B0-C3FF-466D-A11C-DB968598D92F}.Release|Any CPU.ActiveCfg = Release|Any CPU
		{9E0A88B0-C3FF-466D-A11C-DB968598D92F}.Release|Any CPU.Build.0 = Release|Any CPU
		{55E25899-2664-4FD9-937F-61FF47F5C661}.Debug|Any CPU.ActiveCfg = Debug|Any CPU
		{55E25899-2664-4FD9-937F-61FF47F5C661}.Debug|Any CPU.Build.0 = Debug|Any CPU
		{55E25899-2664-4FD9-937F-61FF47F5C661}.Release|Any CPU.ActiveCfg = Release|Any CPU
		{55E25899-2664-4FD9-937F-61FF47F5C661}.Release|Any CPU.Build.0 = Release|Any CPU
		{03B03C3A-9031-46B7-B855-ED5887ED17CF}.Debug|Any CPU.ActiveCfg = Debug|Any CPU
		{03B03C3A-9031-46B7-B855-ED5887ED17CF}.Debug|Any CPU.Build.0 = Debug|Any CPU
		{03B03C3A-9031-46B7-B855-ED5887ED17CF}.Release|Any CPU.ActiveCfg = Release|Any CPU
		{03B03C3A-9031-46B7-B855-ED5887ED17CF}.Release|Any CPU.Build.0 = Release|Any CPU
		{1150F23F-6271-43F3-84BB-C1B1C903F828}.Debug|Any CPU.ActiveCfg = Debug|Any CPU
		{1150F23F-6271-43F3-84BB-C1B1C903F828}.Debug|Any CPU.Build.0 = Debug|Any CPU
		{1150F23F-6271-43F3-84BB-C1B1C903F828}.Release|Any CPU.ActiveCfg = Release|Any CPU
		{1150F23F-6271-43F3-84BB-C1B1C903F828}.Release|Any CPU.Build.0 = Release|Any CPU
		{EDFC56F2-BC14-480E-B224-02509007534B}.Debug|Any CPU.ActiveCfg = Debug|Any CPU
		{EDFC56F2-BC14-480E-B224-02509007534B}.Debug|Any CPU.Build.0 = Debug|Any CPU
		{EDFC56F2-BC14-480E-B224-02509007534B}.Release|Any CPU.ActiveCfg = Release|Any CPU
		{EDFC56F2-BC14-480E-B224-02509007534B}.Release|Any CPU.Build.0 = Release|Any CPU
		{1D46919D-4E92-4E6B-A143-4AD60CCD059B}.Debug|Any CPU.ActiveCfg = Debug|Any CPU
		{1D46919D-4E92-4E6B-A143-4AD60CCD059B}.Debug|Any CPU.Build.0 = Debug|Any CPU
		{1D46919D-4E92-4E6B-A143-4AD60CCD059B}.Release|Any CPU.ActiveCfg = Release|Any CPU
		{1D46919D-4E92-4E6B-A143-4AD60CCD059B}.Release|Any CPU.Build.0 = Release|Any CPU
		{F91F9E98-D9CD-4A25-9E19-8FAB565B4F35}.Debug|Any CPU.ActiveCfg = Debug|Any CPU
		{F91F9E98-D9CD-4A25-9E19-8FAB565B4F35}.Debug|Any CPU.Build.0 = Debug|Any CPU
		{F91F9E98-D9CD-4A25-9E19-8FAB565B4F35}.Release|Any CPU.ActiveCfg = Release|Any CPU
		{F91F9E98-D9CD-4A25-9E19-8FAB565B4F35}.Release|Any CPU.Build.0 = Release|Any CPU
		{74839320-C379-4B56-9D38-16FDBB17E0DE}.Debug|Any CPU.ActiveCfg = Debug|Any CPU
		{74839320-C379-4B56-9D38-16FDBB17E0DE}.Debug|Any CPU.Build.0 = Debug|Any CPU
		{74839320-C379-4B56-9D38-16FDBB17E0DE}.Release|Any CPU.ActiveCfg = Release|Any CPU
		{74839320-C379-4B56-9D38-16FDBB17E0DE}.Release|Any CPU.Build.0 = Release|Any CPU
		{19EEB9A7-28FD-4A84-BC67-6453F225E85F}.Debug|Any CPU.ActiveCfg = Debug|Any CPU
		{19EEB9A7-28FD-4A84-BC67-6453F225E85F}.Debug|Any CPU.Build.0 = Debug|Any CPU
		{19EEB9A7-28FD-4A84-BC67-6453F225E85F}.Release|Any CPU.ActiveCfg = Release|Any CPU
		{19EEB9A7-28FD-4A84-BC67-6453F225E85F}.Release|Any CPU.Build.0 = Release|Any CPU
		{5888719B-9ADF-4E02-A509-2D96B488C825}.Debug|Any CPU.ActiveCfg = Debug|Any CPU
		{5888719B-9ADF-4E02-A509-2D96B488C825}.Debug|Any CPU.Build.0 = Debug|Any CPU
		{5888719B-9ADF-4E02-A509-2D96B488C825}.Release|Any CPU.ActiveCfg = Release|Any CPU
		{5888719B-9ADF-4E02-A509-2D96B488C825}.Release|Any CPU.Build.0 = Release|Any CPU
		{68E39237-0F58-473C-98BE-F23A926C2D35}.Debug|Any CPU.ActiveCfg = Debug|Any CPU
		{68E39237-0F58-473C-98BE-F23A926C2D35}.Debug|Any CPU.Build.0 = Debug|Any CPU
		{68E39237-0F58-473C-98BE-F23A926C2D35}.Release|Any CPU.ActiveCfg = Release|Any CPU
		{68E39237-0F58-473C-98BE-F23A926C2D35}.Release|Any CPU.Build.0 = Release|Any CPU
		{50F73718-F523-4B4E-BF22-CDAA20AFA320}.Debug|Any CPU.ActiveCfg = Debug|Any CPU
		{50F73718-F523-4B4E-BF22-CDAA20AFA320}.Debug|Any CPU.Build.0 = Debug|Any CPU
		{50F73718-F523-4B4E-BF22-CDAA20AFA320}.Release|Any CPU.ActiveCfg = Release|Any CPU
		{50F73718-F523-4B4E-BF22-CDAA20AFA320}.Release|Any CPU.Build.0 = Release|Any CPU
		{CCCF81CE-E0FA-48DC-BC0D-231479CA761D}.Debug|Any CPU.ActiveCfg = Debug|Any CPU
		{CCCF81CE-E0FA-48DC-BC0D-231479CA761D}.Debug|Any CPU.Build.0 = Debug|Any CPU
		{CCCF81CE-E0FA-48DC-BC0D-231479CA761D}.Release|Any CPU.ActiveCfg = Release|Any CPU
		{CCCF81CE-E0FA-48DC-BC0D-231479CA761D}.Release|Any CPU.Build.0 = Release|Any CPU
	EndGlobalSection
	GlobalSection(SolutionProperties) = preSolution
		HideSolutionNode = FALSE
	EndGlobalSection
	GlobalSection(ExtensibilityGlobals) = postSolution
		SolutionGuid = {4F6A0DC8-EE3D-44F9-827B-87CEC253561C}
	EndGlobalSection
EndGlobal
