
Microsoft Visual Studio Solution File, Format Version 12.00
# Visual Studio Version 17
VisualStudioVersion = 17.7.34221.43
MinimumVisualStudioVersion = 10.0.40219.1
Project("{FAE04EC0-301F-11D3-BF4B-00C04F79EFBC}") = "22110447_Day09_Non-generic ArrayList", "22110447_Day09_Non-generic ArrayList.csproj", "{688FBD61-AD32-4C40-9BCE-4C491E216E83}"
EndProject
Project("{FAE04EC0-301F-11D3-BF4B-00C04F79EFBC}") = "22110447_Day09_Non-generic Hashtable", "..\22110447_Day09_Non-generic Hashtable\22110447_Day09_Non-generic Hashtable.csproj", "{EB58FBAB-D60D-4D96-8FAA-E8EB831C8E32}"
EndProject
Project("{FAE04EC0-301F-11D3-BF4B-00C04F79EFBC}") = "22110447_Day09_Non-generic SortedList", "..\22110447_Day09_Non-generic SortedList\22110447_Day09_Non-generic SortedList.csproj", "{EAD32FA0-10DA-416D-9AA6-3900C7145E23}"
EndProject
Project("{FAE04EC0-301F-11D3-BF4B-00C04F79EFBC}") = "22110447_Day09_Non-generic Stack", "..\22110447_Day09_Non-generic Stack\22110447_Day09_Non-generic Stack.csproj", "{59D80E96-80B9-46C0-8371-D8FC8B5B4023}"
EndProject
Project("{FAE04EC0-301F-11D3-BF4B-00C04F79EFBC}") = "22110447_Day09_Non-generic Queue", "..\22110447_Day09_Non-generic Queue\22110447_Day09_Non-generic Queue.csproj", "{D8EEECEC-8BA1-4DC2-9A17-B7220D0C4F37}"
EndProject
Project("{FAE04EC0-301F-11D3-BF4B-00C04F79EFBC}") = "22110447_Day09_Non-generic BitArray", "..\22110447_Day09_Non-generic BitArray\22110447_Day09_Non-generic BitArray.csproj", "{9EE123EC-1699-47D1-8F9D-168C8CCA7EB7}"
EndProject
Project("{FAE04EC0-301F-11D3-BF4B-00C04F79EFBC}") = "22110447_Day09_List of Animals and Trainers Exercise", "..\22110447_Day09_List of Animals and Trainers Exercise\22110447_Day09_List of Animals and Trainers Exercise.csproj", "{A420E1F3-8168-413F-AB77-CF0453F59B26}"
EndProject
Project("{FAE04EC0-301F-11D3-BF4B-00C04F79EFBC}") = "22110447_Day09_Generic List T", "..\22110447_Day09_Generic List T\22110447_Day09_Generic List T.csproj", "{93F07BA0-3086-4BDD-A19C-F9586C6613DC}"
EndProject
Project("{FAE04EC0-301F-11D3-BF4B-00C04F79EFBC}") = "22110447_Day09_Generic Dictionary", "..\22110447_Day09_Generic Dictionary\22110447_Day09_Generic Dictionary.csproj", "{49E0F954-3530-4E7B-AF67-D5B06D7E4936}"
EndProject
Project("{FAE04EC0-301F-11D3-BF4B-00C04F79EFBC}") = "22110447_Day09_Generic SortedList", "..\22110447_Day09_Generic SortedList\22110447_Day09_Generic SortedList.csproj", "{778346FE-6039-4AA8-8E7F-8BBF0E5DD1D6}"
EndProject
Project("{FAE04EC0-301F-11D3-BF4B-00C04F79EFBC}") = "22110447_Day09_Generic SortedDictionary", "..\22110447_Day09_Generic SortedDictionary\22110447_Day09_Generic SortedDictionary.csproj", "{C5A14887-5F15-4B47-B8C3-1B85043DF909}"
EndProject
Project("{FAE04EC0-301F-11D3-BF4B-00C04F79EFBC}") = "22110447_Day09_Generic Stack", "..\22110447_Day09_Generic Stack\22110447_Day09_Generic Stack.csproj", "{6163DF26-C3CF-465A-A5E2-D1093FA42910}"
EndProject
Project("{FAE04EC0-301F-11D3-BF4B-00C04F79EFBC}") = "22110447_Day09_Generic Queue", "..\22110447_Day09_Generic Queue\22110447_Day09_Generic Queue.csproj", "{ACFE1AC8-4C15-4814-B15B-F8345A5839F0}"
EndProject
Project("{FAE04EC0-301F-11D3-BF4B-00C04F79EFBC}") = "22110447_Day09_KeyValuePair", "..\22110447_Day09_KeyValuePair\22110447_Day09_KeyValuePair.csproj", "{43CF4930-B0FD-47EC-BBC6-7616AF72A79F}"
EndProject
Project("{FAE04EC0-301F-11D3-BF4B-00C04F79EFBC}") = "22110447_Day09_NameValueCollection", "..\22110447_Day09_ NameValueCollection\22110447_Day09_NameValueCollection.csproj", "{6349998E-90EE-463E-8D72-BDD93D24D810}"
EndProject
Project("{FAE04EC0-301F-11D3-BF4B-00C04F79EFBC}") = "22110447_Day09_List of Animals Exercise", "..\22110447_Day09_List of Animals Exercise\22110447_Day09_List of Animals Exercise.csproj", "{2C5C063C-249A-4B1E-A014-B84B0095B463}"
EndProject
Project("{FAE04EC0-301F-11D3-BF4B-00C04F79EFBC}") = "22110447_Day09_Generic Classes", "..\22110447_Day09_Generic Classes\22110447_Day09_Generic Classes.csproj", "{B7B65C5A-EB8B-4A89-A107-7F6AD7ED0720}"
EndProject
Project("{FAE04EC0-301F-11D3-BF4B-00C04F79EFBC}") = "22110447_Day09_Generic Exercise  - Part 1", "..\22110447_Day09_Generic Exercise  - Part 1\22110447_Day09_Generic Exercise  - Part 1.csproj", "{B977DF34-BA21-4E51-BFB4-E2A54A3B070C}"
EndProject
Project("{FAE04EC0-301F-11D3-BF4B-00C04F79EFBC}") = "22110447_Day09_Generic Exercise  - Part 2", "..\22110447_Day09_ Generic Exercise  - Part 2\22110447_Day09_Generic Exercise  - Part 2.csproj", "{00925AF4-DEA2-4516-9326-2098D372C28A}"
EndProject
Project("{FAE04EC0-301F-11D3-BF4B-00C04F79EFBC}") = "22110447_Day09_Tuples", "..\22110447_Day09_Tuples\22110447_Day09_Tuples.csproj", "{310188B2-3FB2-4DCC-BFBD-C033A432D1EE}"
EndProject
Project("{FAE04EC0-301F-11D3-BF4B-00C04F79EFBC}") = "22110447_Day09_Nested Tuples", "..\22110447_Day09_Nested Tuples\22110447_Day09_Nested Tuples.csproj", "{660365C2-4CDB-49B6-85AD-F695C47586B6}"
EndProject
Project("{FAE04EC0-301F-11D3-BF4B-00C04F79EFBC}") = "22110447_Day09_Tuples with Methods", "..\22110447_Day09_Tuples with Methods\22110447_Day09_Tuples with Methods.csproj", "{DF88A7FF-E55B-4F08-B5B6-1937A7B4FCE8}"
EndProject
Project("{FAE04EC0-301F-11D3-BF4B-00C04F79EFBC}") = "22110447_Day09_Tuples Exercise", "..\22110447_Day09_Tuples Exercise\22110447_Day09_Tuples Exercise.csproj", "{3C1AC827-856C-4B6F-AAD1-7271A5AB0C9C}"
EndProject
Project("{FAE04EC0-301F-11D3-BF4B-00C04F79EFBC}") = "22110447_Day09_Value Tuples", "..\22110447_Day09_Value Tuples\22110447_Day09_Value Tuples.csproj", "{1612F1FA-ADCE-4845-9FDD-93BA6D8299F4}"
EndProject
Project("{FAE04EC0-301F-11D3-BF4B-00C04F79EFBC}") = "22110447_Day09_Nested Value Tuples", "..\22110447_Day09_Nested Value Tuples\22110447_Day09_Nested Value Tuples.csproj", "{C4565230-E572-4EDA-A7BE-EBDC484237BF}"
EndProject
Project("{FAE04EC0-301F-11D3-BF4B-00C04F79EFBC}") = "22110447_Day09_Value Tuples with Methods", "..\22110447_Day09_Value Tuples with Methods\22110447_Day09_Value Tuples with Methods.csproj", "{B248F52B-8F19-4224-B456-27314D69FD4F}"
EndProject
Project("{FAE04EC0-301F-11D3-BF4B-00C04F79EFBC}") = "22110447_Day09_Value Tuples Exercise", "..\22110447_Day09_Value Tuples Exercise\22110447_Day09_Value Tuples Exercise.csproj", "{E17A602F-32BA-4D95-B038-5EB5F24916C4}"
EndProject
Project("{FAE04EC0-301F-11D3-BF4B-00C04F79EFBC}") = "22110447_Day09_Assignment-No.11", "..\22110447_Day09_Assignment-No.11\22110447_Day09_Assignment-No.11.csproj", "{E51A5A1A-F1C6-49A2-98A1-CBB9A9659C31}"
EndProject
Project("{FAE04EC0-301F-11D3-BF4B-00C04F79EFBC}") = "22110447_Day09_Assignment-No.12", "..\22110447_Day09_Assignment-No.12\22110447_Day09_Assignment-No.12.csproj", "{AD8150BA-8CD7-4B59-B23F-0ECA675D36AD}"
EndProject
Project("{FAE04EC0-301F-11D3-BF4B-00C04F79EFBC}") = "22110447_Day09_Assignment-No.13", "..\22110447_Day09_Assignment-No.13\22110447_Day09_Assignment-No.13.csproj", "{EE0A0646-8A7B-4069-B174-B9E3ECA2130C}"
EndProject
Project("{FAE04EC0-301F-11D3-BF4B-00C04F79EFBC}") = "22110447_Day09_Assignment-No.14", "..\22110447_Day09_Assignment-No.14\22110447_Day09_Assignment-No.14.csproj", "{A572E84E-DFF3-404F-A903-CFCAE30558E4}"
EndProject
Project("{FAE04EC0-301F-11D3-BF4B-00C04F79EFBC}") = "22110447_Day09_Assignment-No.15", "..\22110447_Day09_Assignment-No.15\22110447_Day09_Assignment-No.15.csproj", "{1040E73A-F4F4-40BB-8EA8-7C140D0CDBFE}"
EndProject
Global
	GlobalSection(SolutionConfigurationPlatforms) = preSolution
		Debug|Any CPU = Debug|Any CPU
		Release|Any CPU = Release|Any CPU
	EndGlobalSection
	GlobalSection(ProjectConfigurationPlatforms) = postSolution
		{688FBD61-AD32-4C40-9BCE-4C491E216E83}.Debug|Any CPU.ActiveCfg = Debug|Any CPU
		{688FBD61-AD32-4C40-9BCE-4C491E216E83}.Debug|Any CPU.Build.0 = Debug|Any CPU
		{688FBD61-AD32-4C40-9BCE-4C491E216E83}.Release|Any CPU.ActiveCfg = Release|Any CPU
		{688FBD61-AD32-4C40-9BCE-4C491E216E83}.Release|Any CPU.Build.0 = Release|Any CPU
		{EB58FBAB-D60D-4D96-8FAA-E8EB831C8E32}.Debug|Any CPU.ActiveCfg = Debug|Any CPU
		{EB58FBAB-D60D-4D96-8FAA-E8EB831C8E32}.Debug|Any CPU.Build.0 = Debug|Any CPU
		{EB58FBAB-D60D-4D96-8FAA-E8EB831C8E32}.Release|Any CPU.ActiveCfg = Release|Any CPU
		{EB58FBAB-D60D-4D96-8FAA-E8EB831C8E32}.Release|Any CPU.Build.0 = Release|Any CPU
		{EAD32FA0-10DA-416D-9AA6-3900C7145E23}.Debug|Any CPU.ActiveCfg = Debug|Any CPU
		{EAD32FA0-10DA-416D-9AA6-3900C7145E23}.Debug|Any CPU.Build.0 = Debug|Any CPU
		{EAD32FA0-10DA-416D-9AA6-3900C7145E23}.Release|Any CPU.ActiveCfg = Release|Any CPU
		{EAD32FA0-10DA-416D-9AA6-3900C7145E23}.Release|Any CPU.Build.0 = Release|Any CPU
		{59D80E96-80B9-46C0-8371-D8FC8B5B4023}.Debug|Any CPU.ActiveCfg = Debug|Any CPU
		{59D80E96-80B9-46C0-8371-D8FC8B5B4023}.Debug|Any CPU.Build.0 = Debug|Any CPU
		{59D80E96-80B9-46C0-8371-D8FC8B5B4023}.Release|Any CPU.ActiveCfg = Release|Any CPU
		{59D80E96-80B9-46C0-8371-D8FC8B5B4023}.Release|Any CPU.Build.0 = Release|Any CPU
		{D8EEECEC-8BA1-4DC2-9A17-B7220D0C4F37}.Debug|Any CPU.ActiveCfg = Debug|Any CPU
		{D8EEECEC-8BA1-4DC2-9A17-B7220D0C4F37}.Debug|Any CPU.Build.0 = Debug|Any CPU
		{D8EEECEC-8BA1-4DC2-9A17-B7220D0C4F37}.Release|Any CPU.ActiveCfg = Release|Any CPU
		{D8EEECEC-8BA1-4DC2-9A17-B7220D0C4F37}.Release|Any CPU.Build.0 = Release|Any CPU
		{9EE123EC-1699-47D1-8F9D-168C8CCA7EB7}.Debug|Any CPU.ActiveCfg = Debug|Any CPU
		{9EE123EC-1699-47D1-8F9D-168C8CCA7EB7}.Debug|Any CPU.Build.0 = Debug|Any CPU
		{9EE123EC-1699-47D1-8F9D-168C8CCA7EB7}.Release|Any CPU.ActiveCfg = Release|Any CPU
		{9EE123EC-1699-47D1-8F9D-168C8CCA7EB7}.Release|Any CPU.Build.0 = Release|Any CPU
		{A420E1F3-8168-413F-AB77-CF0453F59B26}.Debug|Any CPU.ActiveCfg = Debug|Any CPU
		{A420E1F3-8168-413F-AB77-CF0453F59B26}.Debug|Any CPU.Build.0 = Debug|Any CPU
		{A420E1F3-8168-413F-AB77-CF0453F59B26}.Release|Any CPU.ActiveCfg = Release|Any CPU
		{A420E1F3-8168-413F-AB77-CF0453F59B26}.Release|Any CPU.Build.0 = Release|Any CPU
		{93F07BA0-3086-4BDD-A19C-F9586C6613DC}.Debug|Any CPU.ActiveCfg = Debug|Any CPU
		{93F07BA0-3086-4BDD-A19C-F9586C6613DC}.Debug|Any CPU.Build.0 = Debug|Any CPU
		{93F07BA0-3086-4BDD-A19C-F9586C6613DC}.Release|Any CPU.ActiveCfg = Release|Any CPU
		{93F07BA0-3086-4BDD-A19C-F9586C6613DC}.Release|Any CPU.Build.0 = Release|Any CPU
		{49E0F954-3530-4E7B-AF67-D5B06D7E4936}.Debug|Any CPU.ActiveCfg = Debug|Any CPU
		{49E0F954-3530-4E7B-AF67-D5B06D7E4936}.Debug|Any CPU.Build.0 = Debug|Any CPU
		{49E0F954-3530-4E7B-AF67-D5B06D7E4936}.Release|Any CPU.ActiveCfg = Release|Any CPU
		{49E0F954-3530-4E7B-AF67-D5B06D7E4936}.Release|Any CPU.Build.0 = Release|Any CPU
		{778346FE-6039-4AA8-8E7F-8BBF0E5DD1D6}.Debug|Any CPU.ActiveCfg = Debug|Any CPU
		{778346FE-6039-4AA8-8E7F-8BBF0E5DD1D6}.Debug|Any CPU.Build.0 = Debug|Any CPU
		{778346FE-6039-4AA8-8E7F-8BBF0E5DD1D6}.Release|Any CPU.ActiveCfg = Release|Any CPU
		{778346FE-6039-4AA8-8E7F-8BBF0E5DD1D6}.Release|Any CPU.Build.0 = Release|Any CPU
		{C5A14887-5F15-4B47-B8C3-1B85043DF909}.Debug|Any CPU.ActiveCfg = Debug|Any CPU
		{C5A14887-5F15-4B47-B8C3-1B85043DF909}.Debug|Any CPU.Build.0 = Debug|Any CPU
		{C5A14887-5F15-4B47-B8C3-1B85043DF909}.Release|Any CPU.ActiveCfg = Release|Any CPU
		{C5A14887-5F15-4B47-B8C3-1B85043DF909}.Release|Any CPU.Build.0 = Release|Any CPU
		{6163DF26-C3CF-465A-A5E2-D1093FA42910}.Debug|Any CPU.ActiveCfg = Debug|Any CPU
		{6163DF26-C3CF-465A-A5E2-D1093FA42910}.Debug|Any CPU.Build.0 = Debug|Any CPU
		{6163DF26-C3CF-465A-A5E2-D1093FA42910}.Release|Any CPU.ActiveCfg = Release|Any CPU
		{6163DF26-C3CF-465A-A5E2-D1093FA42910}.Release|Any CPU.Build.0 = Release|Any CPU
		{ACFE1AC8-4C15-4814-B15B-F8345A5839F0}.Debug|Any CPU.ActiveCfg = Debug|Any CPU
		{ACFE1AC8-4C15-4814-B15B-F8345A5839F0}.Debug|Any CPU.Build.0 = Debug|Any CPU
		{ACFE1AC8-4C15-4814-B15B-F8345A5839F0}.Release|Any CPU.ActiveCfg = Release|Any CPU
		{ACFE1AC8-4C15-4814-B15B-F8345A5839F0}.Release|Any CPU.Build.0 = Release|Any CPU
		{43CF4930-B0FD-47EC-BBC6-7616AF72A79F}.Debug|Any CPU.ActiveCfg = Debug|Any CPU
		{43CF4930-B0FD-47EC-BBC6-7616AF72A79F}.Debug|Any CPU.Build.0 = Debug|Any CPU
		{43CF4930-B0FD-47EC-BBC6-7616AF72A79F}.Release|Any CPU.ActiveCfg = Release|Any CPU
		{43CF4930-B0FD-47EC-BBC6-7616AF72A79F}.Release|Any CPU.Build.0 = Release|Any CPU
		{6349998E-90EE-463E-8D72-BDD93D24D810}.Debug|Any CPU.ActiveCfg = Debug|Any CPU
		{6349998E-90EE-463E-8D72-BDD93D24D810}.Debug|Any CPU.Build.0 = Debug|Any CPU
		{6349998E-90EE-463E-8D72-BDD93D24D810}.Release|Any CPU.ActiveCfg = Release|Any CPU
		{6349998E-90EE-463E-8D72-BDD93D24D810}.Release|Any CPU.Build.0 = Release|Any CPU
		{2C5C063C-249A-4B1E-A014-B84B0095B463}.Debug|Any CPU.ActiveCfg = Debug|Any CPU
		{2C5C063C-249A-4B1E-A014-B84B0095B463}.Debug|Any CPU.Build.0 = Debug|Any CPU
		{2C5C063C-249A-4B1E-A014-B84B0095B463}.Release|Any CPU.ActiveCfg = Release|Any CPU
		{2C5C063C-249A-4B1E-A014-B84B0095B463}.Release|Any CPU.Build.0 = Release|Any CPU
		{B7B65C5A-EB8B-4A89-A107-7F6AD7ED0720}.Debug|Any CPU.ActiveCfg = Debug|Any CPU
		{B7B65C5A-EB8B-4A89-A107-7F6AD7ED0720}.Debug|Any CPU.Build.0 = Debug|Any CPU
		{B7B65C5A-EB8B-4A89-A107-7F6AD7ED0720}.Release|Any CPU.ActiveCfg = Release|Any CPU
		{B7B65C5A-EB8B-4A89-A107-7F6AD7ED0720}.Release|Any CPU.Build.0 = Release|Any CPU
		{B977DF34-BA21-4E51-BFB4-E2A54A3B070C}.Debug|Any CPU.ActiveCfg = Debug|Any CPU
		{B977DF34-BA21-4E51-BFB4-E2A54A3B070C}.Debug|Any CPU.Build.0 = Debug|Any CPU
		{B977DF34-BA21-4E51-BFB4-E2A54A3B070C}.Release|Any CPU.ActiveCfg = Release|Any CPU
		{B977DF34-BA21-4E51-BFB4-E2A54A3B070C}.Release|Any CPU.Build.0 = Release|Any CPU
		{00925AF4-DEA2-4516-9326-2098D372C28A}.Debug|Any CPU.ActiveCfg = Debug|Any CPU
		{00925AF4-DEA2-4516-9326-2098D372C28A}.Debug|Any CPU.Build.0 = Debug|Any CPU
		{00925AF4-DEA2-4516-9326-2098D372C28A}.Release|Any CPU.ActiveCfg = Release|Any CPU
		{00925AF4-DEA2-4516-9326-2098D372C28A}.Release|Any CPU.Build.0 = Release|Any CPU
		{310188B2-3FB2-4DCC-BFBD-C033A432D1EE}.Debug|Any CPU.ActiveCfg = Debug|Any CPU
		{310188B2-3FB2-4DCC-BFBD-C033A432D1EE}.Debug|Any CPU.Build.0 = Debug|Any CPU
		{310188B2-3FB2-4DCC-BFBD-C033A432D1EE}.Release|Any CPU.ActiveCfg = Release|Any CPU
		{310188B2-3FB2-4DCC-BFBD-C033A432D1EE}.Release|Any CPU.Build.0 = Release|Any CPU
		{660365C2-4CDB-49B6-85AD-F695C47586B6}.Debug|Any CPU.ActiveCfg = Debug|Any CPU
		{660365C2-4CDB-49B6-85AD-F695C47586B6}.Debug|Any CPU.Build.0 = Debug|Any CPU
		{660365C2-4CDB-49B6-85AD-F695C47586B6}.Release|Any CPU.ActiveCfg = Release|Any CPU
		{660365C2-4CDB-49B6-85AD-F695C47586B6}.Release|Any CPU.Build.0 = Release|Any CPU
		{DF88A7FF-E55B-4F08-B5B6-1937A7B4FCE8}.Debug|Any CPU.ActiveCfg = Debug|Any CPU
		{DF88A7FF-E55B-4F08-B5B6-1937A7B4FCE8}.Debug|Any CPU.Build.0 = Debug|Any CPU
		{DF88A7FF-E55B-4F08-B5B6-1937A7B4FCE8}.Release|Any CPU.ActiveCfg = Release|Any CPU
		{DF88A7FF-E55B-4F08-B5B6-1937A7B4FCE8}.Release|Any CPU.Build.0 = Release|Any CPU
		{3C1AC827-856C-4B6F-AAD1-7271A5AB0C9C}.Debug|Any CPU.ActiveCfg = Debug|Any CPU
		{3C1AC827-856C-4B6F-AAD1-7271A5AB0C9C}.Debug|Any CPU.Build.0 = Debug|Any CPU
		{3C1AC827-856C-4B6F-AAD1-7271A5AB0C9C}.Release|Any CPU.ActiveCfg = Release|Any CPU
		{3C1AC827-856C-4B6F-AAD1-7271A5AB0C9C}.Release|Any CPU.Build.0 = Release|Any CPU
		{1612F1FA-ADCE-4845-9FDD-93BA6D8299F4}.Debug|Any CPU.ActiveCfg = Debug|Any CPU
		{1612F1FA-ADCE-4845-9FDD-93BA6D8299F4}.Debug|Any CPU.Build.0 = Debug|Any CPU
		{1612F1FA-ADCE-4845-9FDD-93BA6D8299F4}.Release|Any CPU.ActiveCfg = Release|Any CPU
		{1612F1FA-ADCE-4845-9FDD-93BA6D8299F4}.Release|Any CPU.Build.0 = Release|Any CPU
		{C4565230-E572-4EDA-A7BE-EBDC484237BF}.Debug|Any CPU.ActiveCfg = Debug|Any CPU
		{C4565230-E572-4EDA-A7BE-EBDC484237BF}.Debug|Any CPU.Build.0 = Debug|Any CPU
		{C4565230-E572-4EDA-A7BE-EBDC484237BF}.Release|Any CPU.ActiveCfg = Release|Any CPU
		{C4565230-E572-4EDA-A7BE-EBDC484237BF}.Release|Any CPU.Build.0 = Release|Any CPU
		{B248F52B-8F19-4224-B456-27314D69FD4F}.Debug|Any CPU.ActiveCfg = Debug|Any CPU
		{B248F52B-8F19-4224-B456-27314D69FD4F}.Debug|Any CPU.Build.0 = Debug|Any CPU
		{B248F52B-8F19-4224-B456-27314D69FD4F}.Release|Any CPU.ActiveCfg = Release|Any CPU
		{B248F52B-8F19-4224-B456-27314D69FD4F}.Release|Any CPU.Build.0 = Release|Any CPU
		{E17A602F-32BA-4D95-B038-5EB5F24916C4}.Debug|Any CPU.ActiveCfg = Debug|Any CPU
		{E17A602F-32BA-4D95-B038-5EB5F24916C4}.Debug|Any CPU.Build.0 = Debug|Any CPU
		{E17A602F-32BA-4D95-B038-5EB5F24916C4}.Release|Any CPU.ActiveCfg = Release|Any CPU
		{E17A602F-32BA-4D95-B038-5EB5F24916C4}.Release|Any CPU.Build.0 = Release|Any CPU
		{E51A5A1A-F1C6-49A2-98A1-CBB9A9659C31}.Debug|Any CPU.ActiveCfg = Debug|Any CPU
		{E51A5A1A-F1C6-49A2-98A1-CBB9A9659C31}.Debug|Any CPU.Build.0 = Debug|Any CPU
		{E51A5A1A-F1C6-49A2-98A1-CBB9A9659C31}.Release|Any CPU.ActiveCfg = Release|Any CPU
		{E51A5A1A-F1C6-49A2-98A1-CBB9A9659C31}.Release|Any CPU.Build.0 = Release|Any CPU
		{AD8150BA-8CD7-4B59-B23F-0ECA675D36AD}.Debug|Any CPU.ActiveCfg = Debug|Any CPU
		{AD8150BA-8CD7-4B59-B23F-0ECA675D36AD}.Debug|Any CPU.Build.0 = Debug|Any CPU
		{AD8150BA-8CD7-4B59-B23F-0ECA675D36AD}.Release|Any CPU.ActiveCfg = Release|Any CPU
		{AD8150BA-8CD7-4B59-B23F-0ECA675D36AD}.Release|Any CPU.Build.0 = Release|Any CPU
		{EE0A0646-8A7B-4069-B174-B9E3ECA2130C}.Debug|Any CPU.ActiveCfg = Debug|Any CPU
		{EE0A0646-8A7B-4069-B174-B9E3ECA2130C}.Debug|Any CPU.Build.0 = Debug|Any CPU
		{EE0A0646-8A7B-4069-B174-B9E3ECA2130C}.Release|Any CPU.ActiveCfg = Release|Any CPU
		{EE0A0646-8A7B-4069-B174-B9E3ECA2130C}.Release|Any CPU.Build.0 = Release|Any CPU
		{A572E84E-DFF3-404F-A903-CFCAE30558E4}.Debug|Any CPU.ActiveCfg = Debug|Any CPU
		{A572E84E-DFF3-404F-A903-CFCAE30558E4}.Debug|Any CPU.Build.0 = Debug|Any CPU
		{A572E84E-DFF3-404F-A903-CFCAE30558E4}.Release|Any CPU.ActiveCfg = Release|Any CPU
		{A572E84E-DFF3-404F-A903-CFCAE30558E4}.Release|Any CPU.Build.0 = Release|Any CPU
		{1040E73A-F4F4-40BB-8EA8-7C140D0CDBFE}.Debug|Any CPU.ActiveCfg = Debug|Any CPU
		{1040E73A-F4F4-40BB-8EA8-7C140D0CDBFE}.Debug|Any CPU.Build.0 = Debug|Any CPU
		{1040E73A-F4F4-40BB-8EA8-7C140D0CDBFE}.Release|Any CPU.ActiveCfg = Release|Any CPU
		{1040E73A-F4F4-40BB-8EA8-7C140D0CDBFE}.Release|Any CPU.Build.0 = Release|Any CPU
	EndGlobalSection
	GlobalSection(SolutionProperties) = preSolution
		HideSolutionNode = FALSE
	EndGlobalSection
	GlobalSection(ExtensibilityGlobals) = postSolution
		SolutionGuid = {12B59536-D919-445B-866A-8F2ACEC99108}
	EndGlobalSection
EndGlobal
