
Microsoft Visual Studio Solution File, Format Version 12.00
# Visual Studio Version 17
VisualStudioVersion = 17.7.34031.279
MinimumVisualStudioVersion = 10.0.40219.1
Project("{FAE04EC0-301F-11D3-BF4B-00C04F79EFBC}") = "ComplexNumber", "ComplexNumber.csproj", "{F95C1C00-5125-49AB-85B5-AF44F623AD27}"
EndProject
Global
	GlobalSection(SolutionConfigurationPlatforms) = preSolution
		Debug|Any CPU = Debug|Any CPU
		Release|Any CPU = Release|Any CPU
	EndGlobalSection
	GlobalSection(ProjectConfigurationPlatforms) = postSolution
		{F95C1C00-5125-49AB-85B5-AF44F623AD27}.Debug|Any CPU.ActiveCfg = Debug|Any CPU
		{F95C1C00-5125-49AB-85B5-AF44F623AD27}.Debug|Any CPU.Build.0 = Debug|Any CPU
		{F95C1C00-5125-49AB-85B5-AF44F623AD27}.Release|Any CPU.ActiveCfg = Release|Any CPU
		{F95C1C00-5125-49AB-85B5-AF44F623AD27}.Release|Any CPU.Build.0 = Release|Any CPU
	EndGlobalSection
	GlobalSection(SolutionProperties) = preSolution
		HideSolutionNode = FALSE
	EndGlobalSection
	GlobalSection(ExtensibilityGlobals) = postSolution
		SolutionGuid = {94DC9AEE-9D3A-43DC-81D5-AC5956C0A5A2}
	EndGlobalSection
EndGlobal
