
Microsoft Visual Studio Solution File, Format Version 12.00
# Visual Studio Version 17
VisualStudioVersion = 17.7.34221.43
MinimumVisualStudioVersion = 10.0.40219.1
Project("{FAE04EC0-301F-11D3-BF4B-00C04F79EFBC}") = "22110447_Day11", "22110447_Day11\22110447_Day11.csproj", "{DE10F97F-C646-4BBE-A9B1-7269322DB500}"
EndProject
Project("{FAE04EC0-301F-11D3-BF4B-00C04F79EFBC}") = "22110447_Day11_Nullable Types", "22110447_Day11_Nullable Types\22110447_Day11_Nullable Types.csproj", "{5CFD04AE-1535-4AAB-8269-7145733D38AC}"
EndProject
Project("{FAE04EC0-301F-11D3-BF4B-00C04F79EFBC}") = "22110447_Day11_Conditional Operator (Ternary Operator)", "22110447_Day11_Conditional Operator (Ternary Operator)\22110447_Day11_Conditional Operator (Ternary Operator).csproj", "{D06849FC-C7F3-4548-BA2A-0ACA641296CC}"
EndProject
Project("{FAE04EC0-301F-11D3-BF4B-00C04F79EFBC}") = "22110447_Day11_Conditional Operator Exercise", "22110447_Day11_Conditional Operator Exercise\22110447_Day11_Conditional Operator Exercise.csproj", "{84C88DBC-3DFF-4D59-B0F5-1944E31F51BA}"
EndProject
Project("{FAE04EC0-301F-11D3-BF4B-00C04F79EFBC}") = "22110447_Day11_Safe Navigation Operator", "22110447_Day11_Safe Navigation Operator\22110447_Day11_Safe Navigation Operator.csproj", "{CAEFA6D2-0E12-4883-9331-ACC67C0440C7}"
EndProject
Project("{FAE04EC0-301F-11D3-BF4B-00C04F79EFBC}") = "22110447_Day11_LINQ Method Syntax", "22110447_Day11_LINQ Method Syntax\22110447_Day11_LINQ Method Syntax.csproj", "{F99486AB-D05E-4EBA-A5FB-F14CB2E66242}"
EndProject
Project("{FAE04EC0-301F-11D3-BF4B-00C04F79EFBC}") = "22110447_Day11_LINQ Method Syntax Exercise", "22110447_Day11_LINQ Method Syntax Exercise\22110447_Day11_LINQ Method Syntax Exercise.csproj", "{76BB75B9-EC44-4427-913E-FCAF2DB8853B}"
EndProject
Project("{FAE04EC0-301F-11D3-BF4B-00C04F79EFBC}") = "22110447_Day11_LINQ Query Syntax", "22110447_Day11_LINQ Query Syntax\22110447_Day11_LINQ Query Syntax.csproj", "{1B875814-65F1-4998-AD79-B84669772890}"
EndProject
Project("{FAE04EC0-301F-11D3-BF4B-00C04F79EFBC}") = "22110447_Day11_LINQ Query Syntax Exercise", "22110447_Day11_LINQ Query Syntax Exercise\22110447_Day11_LINQ Query Syntax Exercise.csproj", "{FAA88F2A-1E1A-48DB-8307-C21A89908899}"
EndProject
Project("{FAE04EC0-301F-11D3-BF4B-00C04F79EFBC}") = "22110447_Day11_Sorting Data Using LINQ", "22110447_Day11_Sorting Data Using LINQ\22110447_Day11_Sorting Data Using LINQ.csproj", "{CC28BAD8-6F5F-4337-BB7C-17492E05A6E6}"
EndProject
Project("{FAE04EC0-301F-11D3-BF4B-00C04F79EFBC}") = "22110447_Day11_LINQ Queries with Methods", "22110447_Day11_LINQ Queries with Methods\22110447_Day11_LINQ Queries with Methods.csproj", "{E29E238B-A999-426E-83F6-29E9A14D7025}"
EndProject
Project("{FAE04EC0-301F-11D3-BF4B-00C04F79EFBC}") = "22110447_Day11_TimeSpan", "22110447_Day11_TimeSpan\22110447_Day11_TimeSpan.csproj", "{66DBDA3B-7D6B-44BF-BD69-6B2D6A855BC8}"
EndProject
Project("{FAE04EC0-301F-11D3-BF4B-00C04F79EFBC}") = "22110447_Day11_Creating Threads", "22110447_Day11_Creating Threads\22110447_Day11_Creating Threads.csproj", "{5C849CB5-8DCD-4E45-BD15-FDBB9AA6A17B}"
EndProject
Project("{FAE04EC0-301F-11D3-BF4B-00C04F79EFBC}") = "22110447_Day11_ManagingThreads", "22110447_Day11_ManagingThreads\22110447_Day11_ManagingThreads.csproj", "{7A7F6BF7-95C9-487E-9D67-4D1A532F7AEB}"
EndProject
Project("{FAE04EC0-301F-11D3-BF4B-00C04F79EFBC}") = "22110447_Day11_Thread Exercise 1", "22110447_Day11_Thread Exercise 1\22110447_Day11_Thread Exercise 1.csproj", "{B6F42B5A-9DFC-4266-A583-783CB027B487}"
EndProject
Project("{FAE04EC0-301F-11D3-BF4B-00C04F79EFBC}") = "22110447_Day11_Thread Exercise 2", "22110447_Day11_Thread Exercise 2\22110447_Day11_Thread Exercise 2.csproj", "{406F393F-5645-40EC-BB78-020FC813E1F7}"
EndProject
Project("{FAE04EC0-301F-11D3-BF4B-00C04F79EFBC}") = "22110447_Day11_Multithreaded Applications", "22110447_Day11_Multithreaded Applications\22110447_Day11_Multithreaded Applications.csproj", "{AA0F1AA5-6ABD-49B0-9331-BCBD677300C1}"
EndProject
Project("{FAE04EC0-301F-11D3-BF4B-00C04F79EFBC}") = "22110447_Day11_ParameterizedThreadStart", "22110447_Day11_199 ParameterizedThreadStart\22110447_Day11_ParameterizedThreadStart.csproj", "{0B9407CD-96F8-411E-A122-4B61C5891CE2}"
EndProject
Project("{FAE04EC0-301F-11D3-BF4B-00C04F79EFBC}") = "22110447_Day11_Deadlocks and Lock Keyword", "22110447_Day11_Deadlocks and Lock Keyword\22110447_Day11_Deadlocks and Lock Keyword.csproj", "{3C5C6E0C-55BE-4B47-932E-5F50E2DF6692}"
EndProject
Project("{FAE04EC0-301F-11D3-BF4B-00C04F79EFBC}") = "22110447_Day11_Monitor Class", "22110447_Day11_ Monitor Class\22110447_Day11_Monitor Class.csproj", "{06F6A473-D041-4ADF-936A-E365736A0602}"
EndProject
Project("{FAE04EC0-301F-11D3-BF4B-00C04F79EFBC}") = "22110447_Day11_Mutex", "22110447_Day11_Mutex\22110447_Day11_Mutex.csproj", "{74233415-34E4-4F52-8468-20AD114C2D64}"
EndProject
Project("{FAE04EC0-301F-11D3-BF4B-00C04F79EFBC}") = "22110447_Day11_Semaphore", "22110447_Day11_Semaphore\22110447_Day11_Semaphore.csproj", "{41B128C6-2773-4C2E-AB14-B1D04893EEFC}"
EndProject
Project("{FAE04EC0-301F-11D3-BF4B-00C04F79EFBC}") = "22110447_Day11_Tasks", "22110447_Day11_Tasks\22110447_Day11_Tasks.csproj", "{4B4059BD-E3A5-4CEB-8427-8E5F3799E5B7}"
EndProject
Project("{FAE04EC0-301F-11D3-BF4B-00C04F79EFBC}") = "22110447_Day11_Passing Parameters to Tasks", "22110447_Day11_Passing Parameters to Tasks\22110447_Day11_Passing Parameters to Tasks.csproj", "{6EBB2953-560F-430B-8FD9-490746BC8DB0}"
EndProject
Project("{FAE04EC0-301F-11D3-BF4B-00C04F79EFBC}") = "22110447_Day11_Tasks with Return Value", "22110447_Day11_Tasks with Return Value\22110447_Day11_Tasks with Return Value.csproj", "{442D430B-20F9-4BA5-8129-B635254F0B6B}"
EndProject
Project("{FAE04EC0-301F-11D3-BF4B-00C04F79EFBC}") = "22110447_Day11_Checking Tasks Status", "22110447_Day11_Checking Tasks Status\22110447_Day11_Checking Tasks Status.csproj", "{1A74BBE3-C037-48B7-9437-B089FFEB7BAE}"
EndProject
Project("{FAE04EC0-301F-11D3-BF4B-00C04F79EFBC}") = "22110447_Day11_Cancelling Tasks", "22110447_Day11_Cancelling Tasks\22110447_Day11_Cancelling Tasks.csproj", "{08E02B9C-3268-421C-BD92-D669733E06DA}"
EndProject
Project("{FAE04EC0-301F-11D3-BF4B-00C04F79EFBC}") = "22110447_Day11_Waiting for Tasks", "22110447_Day11_Waiting for Tasks\22110447_Day11_Waiting for Tasks.csproj", "{C688D4B7-1D4B-4655-80C4-9CFD39F15893}"
EndProject
Project("{FAE04EC0-301F-11D3-BF4B-00C04F79EFBC}") = "22110447_Day11_Task Run", "22110447_Day11_Task Run\22110447_Day11_Task Run.csproj", "{CC802705-2A43-4AF6-9928-EEA185DE9A8C}"
EndProject
Project("{FAE04EC0-301F-11D3-BF4B-00C04F79EFBC}") = "22110447_Day11_Async and Await", "22110447_Day11_Async and Await\22110447_Day11_Async and Await.csproj", "{0AA23066-C224-4DA3-B4F4-5EE14C2470C4}"
EndProject
Project("{FAE04EC0-301F-11D3-BF4B-00C04F79EFBC}") = "22110447_Day11_Concurrent Collections (ConcurrentBag)", "22110447_Day11_Concurrent Collections (ConcurrentBag)\22110447_Day11_Concurrent Collections (ConcurrentBag).csproj", "{A1FC0709-6E73-4BD6-B84D-E0A4CFB69D69}"
EndProject
Project("{FAE04EC0-301F-11D3-BF4B-00C04F79EFBC}") = "22110447_Day11_Assignment-No.19", "22110447_Day11_Assignment-No.19\22110447_Day11_Assignment-No.19.csproj", "{2EFA8BF8-554E-4F4B-B5B0-972C012F8704}"
EndProject
Project("{FAE04EC0-301F-11D3-BF4B-00C04F79EFBC}") = "22110447_Day11_Assignment-No.20", "22110447_Day11_Assignment-No.20\22110447_Day11_Assignment-No.20.csproj", "{49CDB642-7F33-4B07-AE37-989D4D997CFD}"
EndProject
Project("{FAE04EC0-301F-11D3-BF4B-00C04F79EFBC}") = "22110447_Day11_Assignment-No.21", "22110447_Day11_Assignment-No.21\22110447_Day11_Assignment-No.21.csproj", "{5BC7EE8D-BFDF-4168-B909-773D6435F4DA}"
EndProject
Project("{FAE04EC0-301F-11D3-BF4B-00C04F79EFBC}") = "22110447_Day11_Assignment-No.22", "22110447_Day11_Assignment-No.22\22110447_Day11_Assignment-No.22.csproj", "{01588F60-34C7-4013-B93A-60B8777997EA}"
EndProject
Global
	GlobalSection(SolutionConfigurationPlatforms) = preSolution
		Debug|Any CPU = Debug|Any CPU
		Release|Any CPU = Release|Any CPU
	EndGlobalSection
	GlobalSection(ProjectConfigurationPlatforms) = postSolution
		{DE10F97F-C646-4BBE-A9B1-7269322DB500}.Debug|Any CPU.ActiveCfg = Debug|Any CPU
		{DE10F97F-C646-4BBE-A9B1-7269322DB500}.Debug|Any CPU.Build.0 = Debug|Any CPU
		{DE10F97F-C646-4BBE-A9B1-7269322DB500}.Release|Any CPU.ActiveCfg = Release|Any CPU
		{DE10F97F-C646-4BBE-A9B1-7269322DB500}.Release|Any CPU.Build.0 = Release|Any CPU
		{5CFD04AE-1535-4AAB-8269-7145733D38AC}.Debug|Any CPU.ActiveCfg = Debug|Any CPU
		{5CFD04AE-1535-4AAB-8269-7145733D38AC}.Debug|Any CPU.Build.0 = Debug|Any CPU
		{5CFD04AE-1535-4AAB-8269-7145733D38AC}.Release|Any CPU.ActiveCfg = Release|Any CPU
		{5CFD04AE-1535-4AAB-8269-7145733D38AC}.Release|Any CPU.Build.0 = Release|Any CPU
		{D06849FC-C7F3-4548-BA2A-0ACA641296CC}.Debug|Any CPU.ActiveCfg = Debug|Any CPU
		{D06849FC-C7F3-4548-BA2A-0ACA641296CC}.Debug|Any CPU.Build.0 = Debug|Any CPU
		{D06849FC-C7F3-4548-BA2A-0ACA641296CC}.Release|Any CPU.ActiveCfg = Release|Any CPU
		{D06849FC-C7F3-4548-BA2A-0ACA641296CC}.Release|Any CPU.Build.0 = Release|Any CPU
		{84C88DBC-3DFF-4D59-B0F5-1944E31F51BA}.Debug|Any CPU.ActiveCfg = Debug|Any CPU
		{84C88DBC-3DFF-4D59-B0F5-1944E31F51BA}.Debug|Any CPU.Build.0 = Debug|Any CPU
		{84C88DBC-3DFF-4D59-B0F5-1944E31F51BA}.Release|Any CPU.ActiveCfg = Release|Any CPU
		{84C88DBC-3DFF-4D59-B0F5-1944E31F51BA}.Release|Any CPU.Build.0 = Release|Any CPU
		{CAEFA6D2-0E12-4883-9331-ACC67C0440C7}.Debug|Any CPU.ActiveCfg = Debug|Any CPU
		{CAEFA6D2-0E12-4883-9331-ACC67C0440C7}.Debug|Any CPU.Build.0 = Debug|Any CPU
		{CAEFA6D2-0E12-4883-9331-ACC67C0440C7}.Release|Any CPU.ActiveCfg = Release|Any CPU
		{CAEFA6D2-0E12-4883-9331-ACC67C0440C7}.Release|Any CPU.Build.0 = Release|Any CPU
		{F99486AB-D05E-4EBA-A5FB-F14CB2E66242}.Debug|Any CPU.ActiveCfg = Debug|Any CPU
		{F99486AB-D05E-4EBA-A5FB-F14CB2E66242}.Debug|Any CPU.Build.0 = Debug|Any CPU
		{F99486AB-D05E-4EBA-A5FB-F14CB2E66242}.Release|Any CPU.ActiveCfg = Release|Any CPU
		{F99486AB-D05E-4EBA-A5FB-F14CB2E66242}.Release|Any CPU.Build.0 = Release|Any CPU
		{76BB75B9-EC44-4427-913E-FCAF2DB8853B}.Debug|Any CPU.ActiveCfg = Debug|Any CPU
		{76BB75B9-EC44-4427-913E-FCAF2DB8853B}.Debug|Any CPU.Build.0 = Debug|Any CPU
		{76BB75B9-EC44-4427-913E-FCAF2DB8853B}.Release|Any CPU.ActiveCfg = Release|Any CPU
		{76BB75B9-EC44-4427-913E-FCAF2DB8853B}.Release|Any CPU.Build.0 = Release|Any CPU
		{1B875814-65F1-4998-AD79-B84669772890}.Debug|Any CPU.ActiveCfg = Debug|Any CPU
		{1B875814-65F1-4998-AD79-B84669772890}.Debug|Any CPU.Build.0 = Debug|Any CPU
		{1B875814-65F1-4998-AD79-B84669772890}.Release|Any CPU.ActiveCfg = Release|Any CPU
		{1B875814-65F1-4998-AD79-B84669772890}.Release|Any CPU.Build.0 = Release|Any CPU
		{FAA88F2A-1E1A-48DB-8307-C21A89908899}.Debug|Any CPU.ActiveCfg = Debug|Any CPU
		{FAA88F2A-1E1A-48DB-8307-C21A89908899}.Debug|Any CPU.Build.0 = Debug|Any CPU
		{FAA88F2A-1E1A-48DB-8307-C21A89908899}.Release|Any CPU.ActiveCfg = Release|Any CPU
		{FAA88F2A-1E1A-48DB-8307-C21A89908899}.Release|Any CPU.Build.0 = Release|Any CPU
		{CC28BAD8-6F5F-4337-BB7C-17492E05A6E6}.Debug|Any CPU.ActiveCfg = Debug|Any CPU
		{CC28BAD8-6F5F-4337-BB7C-17492E05A6E6}.Debug|Any CPU.Build.0 = Debug|Any CPU
		{CC28BAD8-6F5F-4337-BB7C-17492E05A6E6}.Release|Any CPU.ActiveCfg = Release|Any CPU
		{CC28BAD8-6F5F-4337-BB7C-17492E05A6E6}.Release|Any CPU.Build.0 = Release|Any CPU
		{E29E238B-A999-426E-83F6-29E9A14D7025}.Debug|Any CPU.ActiveCfg = Debug|Any CPU
		{E29E238B-A999-426E-83F6-29E9A14D7025}.Debug|Any CPU.Build.0 = Debug|Any CPU
		{E29E238B-A999-426E-83F6-29E9A14D7025}.Release|Any CPU.ActiveCfg = Release|Any CPU
		{E29E238B-A999-426E-83F6-29E9A14D7025}.Release|Any CPU.Build.0 = Release|Any CPU
		{66DBDA3B-7D6B-44BF-BD69-6B2D6A855BC8}.Debug|Any CPU.ActiveCfg = Debug|Any CPU
		{66DBDA3B-7D6B-44BF-BD69-6B2D6A855BC8}.Debug|Any CPU.Build.0 = Debug|Any CPU
		{66DBDA3B-7D6B-44BF-BD69-6B2D6A855BC8}.Release|Any CPU.ActiveCfg = Release|Any CPU
		{66DBDA3B-7D6B-44BF-BD69-6B2D6A855BC8}.Release|Any CPU.Build.0 = Release|Any CPU
		{5C849CB5-8DCD-4E45-BD15-FDBB9AA6A17B}.Debug|Any CPU.ActiveCfg = Debug|Any CPU
		{5C849CB5-8DCD-4E45-BD15-FDBB9AA6A17B}.Debug|Any CPU.Build.0 = Debug|Any CPU
		{5C849CB5-8DCD-4E45-BD15-FDBB9AA6A17B}.Release|Any CPU.ActiveCfg = Release|Any CPU
		{5C849CB5-8DCD-4E45-BD15-FDBB9AA6A17B}.Release|Any CPU.Build.0 = Release|Any CPU
		{7A7F6BF7-95C9-487E-9D67-4D1A532F7AEB}.Debug|Any CPU.ActiveCfg = Debug|Any CPU
		{7A7F6BF7-95C9-487E-9D67-4D1A532F7AEB}.Debug|Any CPU.Build.0 = Debug|Any CPU
		{7A7F6BF7-95C9-487E-9D67-4D1A532F7AEB}.Release|Any CPU.ActiveCfg = Release|Any CPU
		{7A7F6BF7-95C9-487E-9D67-4D1A532F7AEB}.Release|Any CPU.Build.0 = Release|Any CPU
		{B6F42B5A-9DFC-4266-A583-783CB027B487}.Debug|Any CPU.ActiveCfg = Debug|Any CPU
		{B6F42B5A-9DFC-4266-A583-783CB027B487}.Debug|Any CPU.Build.0 = Debug|Any CPU
		{B6F42B5A-9DFC-4266-A583-783CB027B487}.Release|Any CPU.ActiveCfg = Release|Any CPU
		{B6F42B5A-9DFC-4266-A583-783CB027B487}.Release|Any CPU.Build.0 = Release|Any CPU
		{406F393F-5645-40EC-BB78-020FC813E1F7}.Debug|Any CPU.ActiveCfg = Debug|Any CPU
		{406F393F-5645-40EC-BB78-020FC813E1F7}.Debug|Any CPU.Build.0 = Debug|Any CPU
		{406F393F-5645-40EC-BB78-020FC813E1F7}.Release|Any CPU.ActiveCfg = Release|Any CPU
		{406F393F-5645-40EC-BB78-020FC813E1F7}.Release|Any CPU.Build.0 = Release|Any CPU
		{AA0F1AA5-6ABD-49B0-9331-BCBD677300C1}.Debug|Any CPU.ActiveCfg = Debug|Any CPU
		{AA0F1AA5-6ABD-49B0-9331-BCBD677300C1}.Debug|Any CPU.Build.0 = Debug|Any CPU
		{AA0F1AA5-6ABD-49B0-9331-BCBD677300C1}.Release|Any CPU.ActiveCfg = Release|Any CPU
		{AA0F1AA5-6ABD-49B0-9331-BCBD677300C1}.Release|Any CPU.Build.0 = Release|Any CPU
		{0B9407CD-96F8-411E-A122-4B61C5891CE2}.Debug|Any CPU.ActiveCfg = Debug|Any CPU
		{0B9407CD-96F8-411E-A122-4B61C5891CE2}.Debug|Any CPU.Build.0 = Debug|Any CPU
		{0B9407CD-96F8-411E-A122-4B61C5891CE2}.Release|Any CPU.ActiveCfg = Release|Any CPU
		{0B9407CD-96F8-411E-A122-4B61C5891CE2}.Release|Any CPU.Build.0 = Release|Any CPU
		{3C5C6E0C-55BE-4B47-932E-5F50E2DF6692}.Debug|Any CPU.ActiveCfg = Debug|Any CPU
		{3C5C6E0C-55BE-4B47-932E-5F50E2DF6692}.Debug|Any CPU.Build.0 = Debug|Any CPU
		{3C5C6E0C-55BE-4B47-932E-5F50E2DF6692}.Release|Any CPU.ActiveCfg = Release|Any CPU
		{3C5C6E0C-55BE-4B47-932E-5F50E2DF6692}.Release|Any CPU.Build.0 = Release|Any CPU
		{06F6A473-D041-4ADF-936A-E365736A0602}.Debug|Any CPU.ActiveCfg = Debug|Any CPU
		{06F6A473-D041-4ADF-936A-E365736A0602}.Debug|Any CPU.Build.0 = Debug|Any CPU
		{06F6A473-D041-4ADF-936A-E365736A0602}.Release|Any CPU.ActiveCfg = Release|Any CPU
		{06F6A473-D041-4ADF-936A-E365736A0602}.Release|Any CPU.Build.0 = Release|Any CPU
		{74233415-34E4-4F52-8468-20AD114C2D64}.Debug|Any CPU.ActiveCfg = Debug|Any CPU
		{74233415-34E4-4F52-8468-20AD114C2D64}.Debug|Any CPU.Build.0 = Debug|Any CPU
		{74233415-34E4-4F52-8468-20AD114C2D64}.Release|Any CPU.ActiveCfg = Release|Any CPU
		{74233415-34E4-4F52-8468-20AD114C2D64}.Release|Any CPU.Build.0 = Release|Any CPU
		{41B128C6-2773-4C2E-AB14-B1D04893EEFC}.Debug|Any CPU.ActiveCfg = Debug|Any CPU
		{41B128C6-2773-4C2E-AB14-B1D04893EEFC}.Debug|Any CPU.Build.0 = Debug|Any CPU
		{41B128C6-2773-4C2E-AB14-B1D04893EEFC}.Release|Any CPU.ActiveCfg = Release|Any CPU
		{41B128C6-2773-4C2E-AB14-B1D04893EEFC}.Release|Any CPU.Build.0 = Release|Any CPU
		{4B4059BD-E3A5-4CEB-8427-8E5F3799E5B7}.Debug|Any CPU.ActiveCfg = Debug|Any CPU
		{4B4059BD-E3A5-4CEB-8427-8E5F3799E5B7}.Debug|Any CPU.Build.0 = Debug|Any CPU
		{4B4059BD-E3A5-4CEB-8427-8E5F3799E5B7}.Release|Any CPU.ActiveCfg = Release|Any CPU
		{4B4059BD-E3A5-4CEB-8427-8E5F3799E5B7}.Release|Any CPU.Build.0 = Release|Any CPU
		{6EBB2953-560F-430B-8FD9-490746BC8DB0}.Debug|Any CPU.ActiveCfg = Debug|Any CPU
		{6EBB2953-560F-430B-8FD9-490746BC8DB0}.Debug|Any CPU.Build.0 = Debug|Any CPU
		{6EBB2953-560F-430B-8FD9-490746BC8DB0}.Release|Any CPU.ActiveCfg = Release|Any CPU
		{6EBB2953-560F-430B-8FD9-490746BC8DB0}.Release|Any CPU.Build.0 = Release|Any CPU
		{442D430B-20F9-4BA5-8129-B635254F0B6B}.Debug|Any CPU.ActiveCfg = Debug|Any CPU
		{442D430B-20F9-4BA5-8129-B635254F0B6B}.Debug|Any CPU.Build.0 = Debug|Any CPU
		{442D430B-20F9-4BA5-8129-B635254F0B6B}.Release|Any CPU.ActiveCfg = Release|Any CPU
		{442D430B-20F9-4BA5-8129-B635254F0B6B}.Release|Any CPU.Build.0 = Release|Any CPU
		{1A74BBE3-C037-48B7-9437-B089FFEB7BAE}.Debug|Any CPU.ActiveCfg = Debug|Any CPU
		{1A74BBE3-C037-48B7-9437-B089FFEB7BAE}.Debug|Any CPU.Build.0 = Debug|Any CPU
		{1A74BBE3-C037-48B7-9437-B089FFEB7BAE}.Release|Any CPU.ActiveCfg = Release|Any CPU
		{1A74BBE3-C037-48B7-9437-B089FFEB7BAE}.Release|Any CPU.Build.0 = Release|Any CPU
		{08E02B9C-3268-421C-BD92-D669733E06DA}.Debug|Any CPU.ActiveCfg = Debug|Any CPU
		{08E02B9C-3268-421C-BD92-D669733E06DA}.Debug|Any CPU.Build.0 = Debug|Any CPU
		{08E02B9C-3268-421C-BD92-D669733E06DA}.Release|Any CPU.ActiveCfg = Release|Any CPU
		{08E02B9C-3268-421C-BD92-D669733E06DA}.Release|Any CPU.Build.0 = Release|Any CPU
		{C688D4B7-1D4B-4655-80C4-9CFD39F15893}.Debug|Any CPU.ActiveCfg = Debug|Any CPU
		{C688D4B7-1D4B-4655-80C4-9CFD39F15893}.Debug|Any CPU.Build.0 = Debug|Any CPU
		{C688D4B7-1D4B-4655-80C4-9CFD39F15893}.Release|Any CPU.ActiveCfg = Release|Any CPU
		{C688D4B7-1D4B-4655-80C4-9CFD39F15893}.Release|Any CPU.Build.0 = Release|Any CPU
		{CC802705-2A43-4AF6-9928-EEA185DE9A8C}.Debug|Any CPU.ActiveCfg = Debug|Any CPU
		{CC802705-2A43-4AF6-9928-EEA185DE9A8C}.Debug|Any CPU.Build.0 = Debug|Any CPU
		{CC802705-2A43-4AF6-9928-EEA185DE9A8C}.Release|Any CPU.ActiveCfg = Release|Any CPU
		{CC802705-2A43-4AF6-9928-EEA185DE9A8C}.Release|Any CPU.Build.0 = Release|Any CPU
		{0AA23066-C224-4DA3-B4F4-5EE14C2470C4}.Debug|Any CPU.ActiveCfg = Debug|Any CPU
		{0AA23066-C224-4DA3-B4F4-5EE14C2470C4}.Debug|Any CPU.Build.0 = Debug|Any CPU
		{0AA23066-C224-4DA3-B4F4-5EE14C2470C4}.Release|Any CPU.ActiveCfg = Release|Any CPU
		{0AA23066-C224-4DA3-B4F4-5EE14C2470C4}.Release|Any CPU.Build.0 = Release|Any CPU
		{A1FC0709-6E73-4BD6-B84D-E0A4CFB69D69}.Debug|Any CPU.ActiveCfg = Debug|Any CPU
		{A1FC0709-6E73-4BD6-B84D-E0A4CFB69D69}.Debug|Any CPU.Build.0 = Debug|Any CPU
		{A1FC0709-6E73-4BD6-B84D-E0A4CFB69D69}.Release|Any CPU.ActiveCfg = Release|Any CPU
		{A1FC0709-6E73-4BD6-B84D-E0A4CFB69D69}.Release|Any CPU.Build.0 = Release|Any CPU
		{2EFA8BF8-554E-4F4B-B5B0-972C012F8704}.Debug|Any CPU.ActiveCfg = Debug|Any CPU
		{2EFA8BF8-554E-4F4B-B5B0-972C012F8704}.Debug|Any CPU.Build.0 = Debug|Any CPU
		{2EFA8BF8-554E-4F4B-B5B0-972C012F8704}.Release|Any CPU.ActiveCfg = Release|Any CPU
		{2EFA8BF8-554E-4F4B-B5B0-972C012F8704}.Release|Any CPU.Build.0 = Release|Any CPU
		{49CDB642-7F33-4B07-AE37-989D4D997CFD}.Debug|Any CPU.ActiveCfg = Debug|Any CPU
		{49CDB642-7F33-4B07-AE37-989D4D997CFD}.Debug|Any CPU.Build.0 = Debug|Any CPU
		{49CDB642-7F33-4B07-AE37-989D4D997CFD}.Release|Any CPU.ActiveCfg = Release|Any CPU
		{49CDB642-7F33-4B07-AE37-989D4D997CFD}.Release|Any CPU.Build.0 = Release|Any CPU
		{5BC7EE8D-BFDF-4168-B909-773D6435F4DA}.Debug|Any CPU.ActiveCfg = Debug|Any CPU
		{5BC7EE8D-BFDF-4168-B909-773D6435F4DA}.Debug|Any CPU.Build.0 = Debug|Any CPU
		{5BC7EE8D-BFDF-4168-B909-773D6435F4DA}.Release|Any CPU.ActiveCfg = Release|Any CPU
		{5BC7EE8D-BFDF-4168-B909-773D6435F4DA}.Release|Any CPU.Build.0 = Release|Any CPU
		{01588F60-34C7-4013-B93A-60B8777997EA}.Debug|Any CPU.ActiveCfg = Debug|Any CPU
		{01588F60-34C7-4013-B93A-60B8777997EA}.Debug|Any CPU.Build.0 = Debug|Any CPU
		{01588F60-34C7-4013-B93A-60B8777997EA}.Release|Any CPU.ActiveCfg = Release|Any CPU
		{01588F60-34C7-4013-B93A-60B8777997EA}.Release|Any CPU.Build.0 = Release|Any CPU
	EndGlobalSection
	GlobalSection(SolutionProperties) = preSolution
		HideSolutionNode = FALSE
	EndGlobalSection
	GlobalSection(ExtensibilityGlobals) = postSolution
		SolutionGuid = {05058D9C-21D6-489E-9B08-C388D297D088}
	EndGlobalSection
EndGlobal
