
Microsoft Visual Studio Solution File, Format Version 12.00
# Visual Studio Version 17
VisualStudioVersion = 17.7.34024.191
MinimumVisualStudioVersion = 10.0.40219.1
Project("{FAE04EC0-301F-11D3-BF4B-00C04F79EFBC}") = "22110447_Day03_2010", "22110447_Day03_2010.csproj", "{D3FF2B50-F83A-44FF-9397-AF82C82B197C}"
EndProject
Project("{FAE04EC0-301F-11D3-BF4B-00C04F79EFBC}") = "22110447_Day03_CurrTime", "..\22110447_Day03_CurrTime\22110447_Day03_CurrTime.csproj", "{9CDE9C02-0D5D-47F7-BFA2-4C10F18D63CE}"
EndProject
Project("{FAE04EC0-301F-11D3-BF4B-00C04F79EFBC}") = "22110447_Day03_TestTime", "..\22110447_Day03_TestTime\22110447_Day03_TestTime.csproj", "{57793B3D-345A-4A53-876B-1111D85877B2}"
EndProject
Project("{FAE04EC0-301F-11D3-BF4B-00C04F79EFBC}") = "22110447_Day03_BasicOverloading", "..\22110447_Day03_BasicOverloading\22110447_Day03_BasicOverloading.csproj", "{9C93CC53-1440-4C34-AD33-1FCB9EECEAD7}"
EndProject
Project("{FAE04EC0-301F-11D3-BF4B-00C04F79EFBC}") = "22110447_Day03_Namespace", "..\22110447_Day03_Namespace\22110447_Day03_Namespace.csproj", "{7B4D5D10-DB1B-4C75-A947-D30FDB50C1F7}"
EndProject
Project("{FAE04EC0-301F-11D3-BF4B-00C04F79EFBC}") = "22110447_Day03_Namespace02", "..\22110447_Day03_Namespace02\22110447_Day03_Namespace02.csproj", "{F1CBC09E-769C-4B91-B523-B2460A3CE3C5}"
EndProject
Project("{FAE04EC0-301F-11D3-BF4B-00C04F79EFBC}") = "22110447_Day03_NamespaceOnTwoClasses", "..\22110447_Day03_NamespaceOnTwoClasses\22110447_Day03_NamespaceOnTwoClasses.csproj", "{CCDD50B1-BEDB-42FF-9FBD-B3E4B9916D62}"
EndProject
Project("{FAE04EC0-301F-11D3-BF4B-00C04F79EFBC}") = "22110447_Day03_NestedNamespace", "..\22110447_NestedNamespace\22110447_Day03_NestedNamespace.csproj", "{B7FE0ABD-977C-4E16-AB57-3E8A5E95C40B}"
EndProject
Project("{FAE04EC0-301F-11D3-BF4B-00C04F79EFBC}") = "22110447_Day03_Namespace03", "..\22110447_Day03_Namespace03\22110447_Day03_Namespace03.csproj", "{D4AF2F87-EEF9-4D14-A84A-39DD62FB4021}"
EndProject
Project("{FAE04EC0-301F-11D3-BF4B-00C04F79EFBC}") = "22110447_Day03_NamespaceEx", "..\22110447_Day03_NamespaceEx\22110447_Day03_NamespaceEx.csproj", "{8865E18A-59BC-42A2-BF01-B3402B1F3DDA}"
EndProject
Project("{FAE04EC0-301F-11D3-BF4B-00C04F79EFBC}") = "22110447_Day03_SlideEx", "..\22110447_Day03_SlideEx\22110447_Day03_SlideEx.csproj", "{E08A5572-269C-421E-A3F6-288AB90D2CBE}"
EndProject
Project("{FAE04EC0-301F-11D3-BF4B-00C04F79EFBC}") = "22110447_Day03_Employee", "..\22110447_Day03_Employee\22110447_Day03_Employee.csproj", "{D5652E89-DA50-44B5-997B-1314896A8EE8}"
EndProject
Project("{FAE04EC0-301F-11D3-BF4B-00C04F79EFBC}") = "22110447_Day03_Maths", "..\22110447_OverloadCalculating\22110447_Day03_Maths.csproj", "{F23979DE-6E6E-4D71-83AF-EFF4519306D4}"
EndProject
Project("{FAE04EC0-301F-11D3-BF4B-00C04F79EFBC}") = "22110447_Day03_Complex", "..\22110447_Day03_Complex\22110447_Day03_Complex.csproj", "{B70D1CB5-DE52-407D-B5C3-55622DE94897}"
EndProject
Project("{FAE04EC0-301F-11D3-BF4B-00C04F79EFBC}") = "22110447_Day03_OperatorOvrldDemo", "..\22110447_Day03_OperatorOvrldDemo\22110447_Day03_OperatorOvrldDemo.csproj", "{8C785103-FC14-4CC6-BD62-3AD00885C063}"
EndProject
Project("{FAE04EC0-301F-11D3-BF4B-00C04F79EFBC}") = "22110447_Day03_DataTypeAndVariablePart1", "..\22110447_Day03_DataTypeAndVariablePart1\22110447_Day03_DataTypeAndVariablePart1.csproj", "{9A14840C-7234-425E-BA35-2BFEA28535E2}"
EndProject
Project("{FAE04EC0-301F-11D3-BF4B-00C04F79EFBC}") = "22110447_Day03_DataTypeAndVariablePart2", "..\22110447_Day03_DataTypeAndVariablePart2\22110447_Day03_DataTypeAndVariablePart2.csproj", "{87C11867-F2E2-4CF7-8E48-A8C44B0EA15B}"
EndProject
Project("{FAE04EC0-301F-11D3-BF4B-00C04F79EFBC}") = "22110447_Day03_DataTypeAndVariablePart3", "..\22110447_Day03_DataTypeAndVariablePart3\22110447_Day03_DataTypeAndVariablePart3.csproj", "{61D0303A-2CBE-489A-8569-DA57379B2031}"
EndProject
Project("{FAE04EC0-301F-11D3-BF4B-00C04F79EFBC}") = "22110447_Day03_CastingAndTypeConversion", "..\22110447_Day03_CastingandTypeConversion\22110447_Day03_CastingAndTypeConversion.csproj", "{C4F363F8-A745-4444-BDD3-5C4C65AE6EBB}"
EndProject
Project("{FAE04EC0-301F-11D3-BF4B-00C04F79EFBC}") = "22110447_Day03_VarKeyword", "..\22110447_Day03_VarKeyword\22110447_Day03_VarKeyword.csproj", "{6F5C3630-AF29-42F3-835D-E1CB268A92C7}"
EndProject
Project("{FAE04EC0-301F-11D3-BF4B-00C04F79EFBC}") = "22110447_Day03_DateTime", "..\22110447_Day03_DateTime\22110447_Day03_DateTime.csproj", "{6D2EA7D6-BEF2-46DC-8D2A-C6E634AF68E7}"
EndProject
Project("{FAE04EC0-301F-11D3-BF4B-00C04F79EFBC}") = "22110447_Day03_DateTimeExercise", "..\22110447_Day03_DateTimeExercise\22110447_Day03_DateTimeExercise.csproj", "{2424E530-57D6-4531-AEE1-2F43F788F04E}"
EndProject
Global
	GlobalSection(SolutionConfigurationPlatforms) = preSolution
		Debug|Any CPU = Debug|Any CPU
		Release|Any CPU = Release|Any CPU
	EndGlobalSection
	GlobalSection(ProjectConfigurationPlatforms) = postSolution
		{D3FF2B50-F83A-44FF-9397-AF82C82B197C}.Debug|Any CPU.ActiveCfg = Debug|Any CPU
		{D3FF2B50-F83A-44FF-9397-AF82C82B197C}.Debug|Any CPU.Build.0 = Debug|Any CPU
		{D3FF2B50-F83A-44FF-9397-AF82C82B197C}.Release|Any CPU.ActiveCfg = Release|Any CPU
		{D3FF2B50-F83A-44FF-9397-AF82C82B197C}.Release|Any CPU.Build.0 = Release|Any CPU
		{9CDE9C02-0D5D-47F7-BFA2-4C10F18D63CE}.Debug|Any CPU.ActiveCfg = Debug|Any CPU
		{9CDE9C02-0D5D-47F7-BFA2-4C10F18D63CE}.Debug|Any CPU.Build.0 = Debug|Any CPU
		{9CDE9C02-0D5D-47F7-BFA2-4C10F18D63CE}.Release|Any CPU.ActiveCfg = Release|Any CPU
		{9CDE9C02-0D5D-47F7-BFA2-4C10F18D63CE}.Release|Any CPU.Build.0 = Release|Any CPU
		{57793B3D-345A-4A53-876B-1111D85877B2}.Debug|Any CPU.ActiveCfg = Debug|Any CPU
		{57793B3D-345A-4A53-876B-1111D85877B2}.Debug|Any CPU.Build.0 = Debug|Any CPU
		{57793B3D-345A-4A53-876B-1111D85877B2}.Release|Any CPU.ActiveCfg = Release|Any CPU
		{57793B3D-345A-4A53-876B-1111D85877B2}.Release|Any CPU.Build.0 = Release|Any CPU
		{9C93CC53-1440-4C34-AD33-1FCB9EECEAD7}.Debug|Any CPU.ActiveCfg = Debug|Any CPU
		{9C93CC53-1440-4C34-AD33-1FCB9EECEAD7}.Debug|Any CPU.Build.0 = Debug|Any CPU
		{9C93CC53-1440-4C34-AD33-1FCB9EECEAD7}.Release|Any CPU.ActiveCfg = Release|Any CPU
		{9C93CC53-1440-4C34-AD33-1FCB9EECEAD7}.Release|Any CPU.Build.0 = Release|Any CPU
		{7B4D5D10-DB1B-4C75-A947-D30FDB50C1F7}.Debug|Any CPU.ActiveCfg = Debug|Any CPU
		{7B4D5D10-DB1B-4C75-A947-D30FDB50C1F7}.Debug|Any CPU.Build.0 = Debug|Any CPU
		{7B4D5D10-DB1B-4C75-A947-D30FDB50C1F7}.Release|Any CPU.ActiveCfg = Release|Any CPU
		{7B4D5D10-DB1B-4C75-A947-D30FDB50C1F7}.Release|Any CPU.Build.0 = Release|Any CPU
		{F1CBC09E-769C-4B91-B523-B2460A3CE3C5}.Debug|Any CPU.ActiveCfg = Debug|Any CPU
		{F1CBC09E-769C-4B91-B523-B2460A3CE3C5}.Debug|Any CPU.Build.0 = Debug|Any CPU
		{F1CBC09E-769C-4B91-B523-B2460A3CE3C5}.Release|Any CPU.ActiveCfg = Release|Any CPU
		{F1CBC09E-769C-4B91-B523-B2460A3CE3C5}.Release|Any CPU.Build.0 = Release|Any CPU
		{CCDD50B1-BEDB-42FF-9FBD-B3E4B9916D62}.Debug|Any CPU.ActiveCfg = Debug|Any CPU
		{CCDD50B1-BEDB-42FF-9FBD-B3E4B9916D62}.Debug|Any CPU.Build.0 = Debug|Any CPU
		{CCDD50B1-BEDB-42FF-9FBD-B3E4B9916D62}.Release|Any CPU.ActiveCfg = Release|Any CPU
		{CCDD50B1-BEDB-42FF-9FBD-B3E4B9916D62}.Release|Any CPU.Build.0 = Release|Any CPU
		{B7FE0ABD-977C-4E16-AB57-3E8A5E95C40B}.Debug|Any CPU.ActiveCfg = Debug|Any CPU
		{B7FE0ABD-977C-4E16-AB57-3E8A5E95C40B}.Debug|Any CPU.Build.0 = Debug|Any CPU
		{B7FE0ABD-977C-4E16-AB57-3E8A5E95C40B}.Release|Any CPU.ActiveCfg = Release|Any CPU
		{B7FE0ABD-977C-4E16-AB57-3E8A5E95C40B}.Release|Any CPU.Build.0 = Release|Any CPU
		{D4AF2F87-EEF9-4D14-A84A-39DD62FB4021}.Debug|Any CPU.ActiveCfg = Debug|Any CPU
		{D4AF2F87-EEF9-4D14-A84A-39DD62FB4021}.Debug|Any CPU.Build.0 = Debug|Any CPU
		{D4AF2F87-EEF9-4D14-A84A-39DD62FB4021}.Release|Any CPU.ActiveCfg = Release|Any CPU
		{D4AF2F87-EEF9-4D14-A84A-39DD62FB4021}.Release|Any CPU.Build.0 = Release|Any CPU
		{8865E18A-59BC-42A2-BF01-B3402B1F3DDA}.Debug|Any CPU.ActiveCfg = Debug|Any CPU
		{8865E18A-59BC-42A2-BF01-B3402B1F3DDA}.Debug|Any CPU.Build.0 = Debug|Any CPU
		{8865E18A-59BC-42A2-BF01-B3402B1F3DDA}.Release|Any CPU.ActiveCfg = Release|Any CPU
		{8865E18A-59BC-42A2-BF01-B3402B1F3DDA}.Release|Any CPU.Build.0 = Release|Any CPU
		{E08A5572-269C-421E-A3F6-288AB90D2CBE}.Debug|Any CPU.ActiveCfg = Debug|Any CPU
		{E08A5572-269C-421E-A3F6-288AB90D2CBE}.Debug|Any CPU.Build.0 = Debug|Any CPU
		{E08A5572-269C-421E-A3F6-288AB90D2CBE}.Release|Any CPU.ActiveCfg = Release|Any CPU
		{E08A5572-269C-421E-A3F6-288AB90D2CBE}.Release|Any CPU.Build.0 = Release|Any CPU
		{D5652E89-DA50-44B5-997B-1314896A8EE8}.Debug|Any CPU.ActiveCfg = Debug|Any CPU
		{D5652E89-DA50-44B5-997B-1314896A8EE8}.Debug|Any CPU.Build.0 = Debug|Any CPU
		{D5652E89-DA50-44B5-997B-1314896A8EE8}.Release|Any CPU.ActiveCfg = Release|Any CPU
		{D5652E89-DA50-44B5-997B-1314896A8EE8}.Release|Any CPU.Build.0 = Release|Any CPU
		{F23979DE-6E6E-4D71-83AF-EFF4519306D4}.Debug|Any CPU.ActiveCfg = Debug|Any CPU
		{F23979DE-6E6E-4D71-83AF-EFF4519306D4}.Debug|Any CPU.Build.0 = Debug|Any CPU
		{F23979DE-6E6E-4D71-83AF-EFF4519306D4}.Release|Any CPU.ActiveCfg = Release|Any CPU
		{F23979DE-6E6E-4D71-83AF-EFF4519306D4}.Release|Any CPU.Build.0 = Release|Any CPU
		{B70D1CB5-DE52-407D-B5C3-55622DE94897}.Debug|Any CPU.ActiveCfg = Debug|Any CPU
		{B70D1CB5-DE52-407D-B5C3-55622DE94897}.Debug|Any CPU.Build.0 = Debug|Any CPU
		{B70D1CB5-DE52-407D-B5C3-55622DE94897}.Release|Any CPU.ActiveCfg = Release|Any CPU
		{B70D1CB5-DE52-407D-B5C3-55622DE94897}.Release|Any CPU.Build.0 = Release|Any CPU
		{8C785103-FC14-4CC6-BD62-3AD00885C063}.Debug|Any CPU.ActiveCfg = Debug|Any CPU
		{8C785103-FC14-4CC6-BD62-3AD00885C063}.Debug|Any CPU.Build.0 = Debug|Any CPU
		{8C785103-FC14-4CC6-BD62-3AD00885C063}.Release|Any CPU.ActiveCfg = Release|Any CPU
		{8C785103-FC14-4CC6-BD62-3AD00885C063}.Release|Any CPU.Build.0 = Release|Any CPU
		{9A14840C-7234-425E-BA35-2BFEA28535E2}.Debug|Any CPU.ActiveCfg = Debug|Any CPU
		{9A14840C-7234-425E-BA35-2BFEA28535E2}.Debug|Any CPU.Build.0 = Debug|Any CPU
		{9A14840C-7234-425E-BA35-2BFEA28535E2}.Release|Any CPU.ActiveCfg = Release|Any CPU
		{9A14840C-7234-425E-BA35-2BFEA28535E2}.Release|Any CPU.Build.0 = Release|Any CPU
		{87C11867-F2E2-4CF7-8E48-A8C44B0EA15B}.Debug|Any CPU.ActiveCfg = Debug|Any CPU
		{87C11867-F2E2-4CF7-8E48-A8C44B0EA15B}.Debug|Any CPU.Build.0 = Debug|Any CPU
		{87C11867-F2E2-4CF7-8E48-A8C44B0EA15B}.Release|Any CPU.ActiveCfg = Release|Any CPU
		{87C11867-F2E2-4CF7-8E48-A8C44B0EA15B}.Release|Any CPU.Build.0 = Release|Any CPU
		{61D0303A-2CBE-489A-8569-DA57379B2031}.Debug|Any CPU.ActiveCfg = Debug|Any CPU
		{61D0303A-2CBE-489A-8569-DA57379B2031}.Debug|Any CPU.Build.0 = Debug|Any CPU
		{61D0303A-2CBE-489A-8569-DA57379B2031}.Release|Any CPU.ActiveCfg = Release|Any CPU
		{61D0303A-2CBE-489A-8569-DA57379B2031}.Release|Any CPU.Build.0 = Release|Any CPU
		{C4F363F8-A745-4444-BDD3-5C4C65AE6EBB}.Debug|Any CPU.ActiveCfg = Debug|Any CPU
		{C4F363F8-A745-4444-BDD3-5C4C65AE6EBB}.Debug|Any CPU.Build.0 = Debug|Any CPU
		{C4F363F8-A745-4444-BDD3-5C4C65AE6EBB}.Release|Any CPU.ActiveCfg = Release|Any CPU
		{C4F363F8-A745-4444-BDD3-5C4C65AE6EBB}.Release|Any CPU.Build.0 = Release|Any CPU
		{6F5C3630-AF29-42F3-835D-E1CB268A92C7}.Debug|Any CPU.ActiveCfg = Debug|Any CPU
		{6F5C3630-AF29-42F3-835D-E1CB268A92C7}.Debug|Any CPU.Build.0 = Debug|Any CPU
		{6F5C3630-AF29-42F3-835D-E1CB268A92C7}.Release|Any CPU.ActiveCfg = Release|Any CPU
		{6F5C3630-AF29-42F3-835D-E1CB268A92C7}.Release|Any CPU.Build.0 = Release|Any CPU
		{6D2EA7D6-BEF2-46DC-8D2A-C6E634AF68E7}.Debug|Any CPU.ActiveCfg = Debug|Any CPU
		{6D2EA7D6-BEF2-46DC-8D2A-C6E634AF68E7}.Debug|Any CPU.Build.0 = Debug|Any CPU
		{6D2EA7D6-BEF2-46DC-8D2A-C6E634AF68E7}.Release|Any CPU.ActiveCfg = Release|Any CPU
		{6D2EA7D6-BEF2-46DC-8D2A-C6E634AF68E7}.Release|Any CPU.Build.0 = Release|Any CPU
		{2424E530-57D6-4531-AEE1-2F43F788F04E}.Debug|Any CPU.ActiveCfg = Debug|Any CPU
		{2424E530-57D6-4531-AEE1-2F43F788F04E}.Debug|Any CPU.Build.0 = Debug|Any CPU
		{2424E530-57D6-4531-AEE1-2F43F788F04E}.Release|Any CPU.ActiveCfg = Release|Any CPU
		{2424E530-57D6-4531-AEE1-2F43F788F04E}.Release|Any CPU.Build.0 = Release|Any CPU
	EndGlobalSection
	GlobalSection(SolutionProperties) = preSolution
		HideSolutionNode = FALSE
	EndGlobalSection
	GlobalSection(ExtensibilityGlobals) = postSolution
		SolutionGuid = {9B4A4703-EB04-41C0-A0F8-CF911FA5737C}
	EndGlobalSection
EndGlobal
