
Microsoft Visual Studio Solution File, Format Version 12.00
# Visual Studio Version 17
VisualStudioVersion = 17.7.34018.315
MinimumVisualStudioVersion = 10.0.40219.1
Project("{FAE04EC0-301F-11D3-BF4B-00C04F79EFBC}") = "22110447_Day01_ForeachSyntax", "22110447_Day01_ForeachSyntax.csproj", "{94B6EA86-65DA-4CF4-B1F9-1CC6A2B8ACA5}"
EndProject
Project("{FAE04EC0-301F-11D3-BF4B-00C04F79EFBC}") = "22110447_Day01_SquareOf10", "..\22110447_Day01_SquareOf10\22110447_Day01_SquareOf10.csproj", "{3E535E8A-495E-4246-8E69-A476A3EE9285}"
EndProject
Project("{FAE04EC0-301F-11D3-BF4B-00C04F79EFBC}") = "22110447_Day01_PrimeFirst10MultiplesOf5", "..\22110447_Day01_Print10TimesNumber5\22110447_Day01_PrimeFirst10MultiplesOf5.csproj", "{C0854B7E-5673-44D8-BFDE-29E7ACD35612}"
EndProject
Project("{FAE04EC0-301F-11D3-BF4B-00C04F79EFBC}") = "22110447_Day01_PrintFirst10PrimeNumbers", "..\22110447_Day01_PrintFirst10PrimeNumbers\22110447_Day01_PrintFirst10PrimeNumbers.csproj", "{F8339261-CC41-4AED-8CBB-4A21740BE394}"
EndProject
Project("{FAE04EC0-301F-11D3-BF4B-00C04F79EFBC}") = "22110447_Day01_PrintNumberIsOddOrEven", "..\22110447_Day01_PrintNumberIsOddOrEven\22110447_Day01_PrintNumberIsOddOrEven.csproj", "{7A4A0C4A-DC2B-457B-AA75-7284EF9DFD11}"
EndProject
Project("{FAE04EC0-301F-11D3-BF4B-00C04F79EFBC}") = "22110447_Day01_PrintACharIsAVowelsOrNot", "..\22110447_Day01_PrintACharIsAVowelsOrNot\22110447_Day01_PrintACharIsAVowelsOrNot.csproj", "{80FC38B0-E7BF-4C71-82AB-2125CB9E185E}"
EndProject
Project("{FAE04EC0-301F-11D3-BF4B-00C04F79EFBC}") = "22110447_Day01_BillStruct", "..\22110447_Day01_BillStruct\22110447_Day01_BillStruct.csproj", "{C16370AE-2097-451E-9579-F13BC8FD9DA3}"
EndProject
Project("{FAE04EC0-301F-11D3-BF4B-00C04F79EFBC}") = "22110447_Day01_PrecedenceOperators", "..\22110447_Day01_PrecedenceOperators\22110447_Day01_PrecedenceOperators.csproj", "{6C061792-38AB-4F31-984E-F57BD16E37D8}"
EndProject
Project("{FAE04EC0-301F-11D3-BF4B-00C04F79EFBC}") = "22110447_Day01_ConditionalStatmentsIF", "..\22110447_Day01_ConditionalStatmentsIF\22110447_Day01_ConditionalStatmentsIF.csproj", "{D28A8E37-AAEE-4587-9E13-0420D5FAC2FC}"
EndProject
Project("{FAE04EC0-301F-11D3-BF4B-00C04F79EFBC}") = "22110447_Day01_SwitchStatement", "..\22110447_Day01_SwitchStatment\22110447_Day01_SwitchStatement.csproj", "{00C4F55C-0ED8-478D-BE09-70C823B4F7AF}"
EndProject
Project("{FAE04EC0-301F-11D3-BF4B-00C04F79EFBC}") = "22110447_Day01_ComparisonOperators", "..\22110447_Day01_ComparisonOperators\22110447_Day01_ComparisonOperators.csproj", "{AA783515-D343-4C96-9551-346B9C64BDBD}"
EndProject
Project("{FAE04EC0-301F-11D3-BF4B-00C04F79EFBC}") = "22110447_Day01_LogicalOperators", "..\22110447_Day01_LogicalOperators\22110447_Day01_LogicalOperators.csproj", "{4F677819-B4D4-480A-B04F-B14ED8C521F9}"
EndProject
Project("{FAE04EC0-301F-11D3-BF4B-00C04F79EFBC}") = "22110447_Day01_EvenOrOldExercise", "..\22110447_Day01_EvenOrOldExercise\22110447_Day01_EvenOrOldExercise.csproj", "{8294F9AC-ADCE-4C91-8906-45A03315888C}"
EndProject
Project("{FAE04EC0-301F-11D3-BF4B-00C04F79EFBC}") = "22110447_Day01_Assignment-No.1", "..\22110447_Day01_Assignment-No.1\22110447_Day01_Assignment-No.1.csproj", "{AF085BAD-95F7-4E87-813D-CAEEC4A23029}"
EndProject
Project("{FAE04EC0-301F-11D3-BF4B-00C04F79EFBC}") = "22110447_Day01_Assignment-No.2", "..\22110447_Day01_Assignment-No.2\22110447_Day01_Assignment-No.2.csproj", "{7326AEBA-6CFC-4E80-AD43-31C37C71ADF0}"
EndProject
Project("{FAE04EC0-301F-11D3-BF4B-00C04F79EFBC}") = "22110447_Day01_Assignment-No.3", "..\22110447_Day01_Assignment-No.3\22110447_Day01_Assignment-No.3.csproj", "{4F66B01E-6E7A-485F-89DD-CA7F48A0C661}"
EndProject
Project("{FAE04EC0-301F-11D3-BF4B-00C04F79EFBC}") = "22110447_Day01_ArithmeticOperatorExercise", "..\22110447_Day01_ArithmeticOperatorExercise\22110447_Day01_ArithmeticOperatorExercise.csproj", "{80C51076-AAB2-4B55-BFF1-5761EB7F7335}"
EndProject
Project("{FAE04EC0-301F-11D3-BF4B-00C04F79EFBC}") = "22110447_Day01_ArithmeticOperators", "..\22110447_Day01_ArithmeticOperators\22110447_Day01_ArithmeticOperators.csproj", "{6BE545DF-3C33-4125-9B25-778A76CFA154}"
EndProject
Project("{FAE04EC0-301F-11D3-BF4B-00C04F79EFBC}") = "22110447_Day01_DateTimeExercise", "..\22110447_Day01_DateTimeExercise\22110447_Day01_DateTimeExercise.csproj", "{1CE31FF3-B118-4EED-8C6A-3E5EC2FA63DB}"
EndProject
Project("{FAE04EC0-301F-11D3-BF4B-00C04F79EFBC}") = "22110447_Day01_DateTimeLecture", "..\22110447_Day01_DateTimeLecture\22110447_Day01_DateTimeLecture.csproj", "{E84906CF-7970-4BFA-833F-6C4E3A173F37}"
EndProject
Project("{FAE04EC0-301F-11D3-BF4B-00C04F79EFBC}") = "22110447_Day01_DisplayName", "..\22110447_Day01_DisplayName\22110447_Day01_DisplayName.csproj", "{D01A01B2-75E4-4BE4-9B9F-1545AC5D0B7A}"
EndProject
Project("{FAE04EC0-301F-11D3-BF4B-00C04F79EFBC}") = "22110447_Day01_MoreLogicalOperators", "..\22110447_Day01_MoreLogicalOperators\22110447_Day01_MoreLogicalOperators.csproj", "{F0587E34-ACAB-4379-8441-506BF0ACA7F7}"
EndProject
Project("{FAE04EC0-301F-11D3-BF4B-00C04F79EFBC}") = "22110447_Day01_PrintDayOfWeek", "..\22110447_Day01_PrintDayOfWeek\22110447_Day01_PrintDayOfWeek.csproj", "{051D29A1-0E69-4CB6-9E3A-1752B47E16E4}"
EndProject
Global
	GlobalSection(SolutionConfigurationPlatforms) = preSolution
		Debug|Any CPU = Debug|Any CPU
		Release|Any CPU = Release|Any CPU
	EndGlobalSection
	GlobalSection(ProjectConfigurationPlatforms) = postSolution
		{94B6EA86-65DA-4CF4-B1F9-1CC6A2B8ACA5}.Debug|Any CPU.ActiveCfg = Debug|Any CPU
		{94B6EA86-65DA-4CF4-B1F9-1CC6A2B8ACA5}.Debug|Any CPU.Build.0 = Debug|Any CPU
		{94B6EA86-65DA-4CF4-B1F9-1CC6A2B8ACA5}.Release|Any CPU.ActiveCfg = Release|Any CPU
		{94B6EA86-65DA-4CF4-B1F9-1CC6A2B8ACA5}.Release|Any CPU.Build.0 = Release|Any CPU
		{3E535E8A-495E-4246-8E69-A476A3EE9285}.Debug|Any CPU.ActiveCfg = Debug|Any CPU
		{3E535E8A-495E-4246-8E69-A476A3EE9285}.Debug|Any CPU.Build.0 = Debug|Any CPU
		{3E535E8A-495E-4246-8E69-A476A3EE9285}.Release|Any CPU.ActiveCfg = Release|Any CPU
		{3E535E8A-495E-4246-8E69-A476A3EE9285}.Release|Any CPU.Build.0 = Release|Any CPU
		{C0854B7E-5673-44D8-BFDE-29E7ACD35612}.Debug|Any CPU.ActiveCfg = Debug|Any CPU
		{C0854B7E-5673-44D8-BFDE-29E7ACD35612}.Debug|Any CPU.Build.0 = Debug|Any CPU
		{C0854B7E-5673-44D8-BFDE-29E7ACD35612}.Release|Any CPU.ActiveCfg = Release|Any CPU
		{C0854B7E-5673-44D8-BFDE-29E7ACD35612}.Release|Any CPU.Build.0 = Release|Any CPU
		{F8339261-CC41-4AED-8CBB-4A21740BE394}.Debug|Any CPU.ActiveCfg = Debug|Any CPU
		{F8339261-CC41-4AED-8CBB-4A21740BE394}.Debug|Any CPU.Build.0 = Debug|Any CPU
		{F8339261-CC41-4AED-8CBB-4A21740BE394}.Release|Any CPU.ActiveCfg = Release|Any CPU
		{F8339261-CC41-4AED-8CBB-4A21740BE394}.Release|Any CPU.Build.0 = Release|Any CPU
		{7A4A0C4A-DC2B-457B-AA75-7284EF9DFD11}.Debug|Any CPU.ActiveCfg = Debug|Any CPU
		{7A4A0C4A-DC2B-457B-AA75-7284EF9DFD11}.Debug|Any CPU.Build.0 = Debug|Any CPU
		{7A4A0C4A-DC2B-457B-AA75-7284EF9DFD11}.Release|Any CPU.ActiveCfg = Release|Any CPU
		{7A4A0C4A-DC2B-457B-AA75-7284EF9DFD11}.Release|Any CPU.Build.0 = Release|Any CPU
		{80FC38B0-E7BF-4C71-82AB-2125CB9E185E}.Debug|Any CPU.ActiveCfg = Debug|Any CPU
		{80FC38B0-E7BF-4C71-82AB-2125CB9E185E}.Debug|Any CPU.Build.0 = Debug|Any CPU
		{80FC38B0-E7BF-4C71-82AB-2125CB9E185E}.Release|Any CPU.ActiveCfg = Release|Any CPU
		{80FC38B0-E7BF-4C71-82AB-2125CB9E185E}.Release|Any CPU.Build.0 = Release|Any CPU
		{C16370AE-2097-451E-9579-F13BC8FD9DA3}.Debug|Any CPU.ActiveCfg = Debug|Any CPU
		{C16370AE-2097-451E-9579-F13BC8FD9DA3}.Debug|Any CPU.Build.0 = Debug|Any CPU
		{C16370AE-2097-451E-9579-F13BC8FD9DA3}.Release|Any CPU.ActiveCfg = Release|Any CPU
		{C16370AE-2097-451E-9579-F13BC8FD9DA3}.Release|Any CPU.Build.0 = Release|Any CPU
		{6C061792-38AB-4F31-984E-F57BD16E37D8}.Debug|Any CPU.ActiveCfg = Debug|Any CPU
		{6C061792-38AB-4F31-984E-F57BD16E37D8}.Debug|Any CPU.Build.0 = Debug|Any CPU
		{6C061792-38AB-4F31-984E-F57BD16E37D8}.Release|Any CPU.ActiveCfg = Release|Any CPU
		{6C061792-38AB-4F31-984E-F57BD16E37D8}.Release|Any CPU.Build.0 = Release|Any CPU
		{D28A8E37-AAEE-4587-9E13-0420D5FAC2FC}.Debug|Any CPU.ActiveCfg = Debug|Any CPU
		{D28A8E37-AAEE-4587-9E13-0420D5FAC2FC}.Debug|Any CPU.Build.0 = Debug|Any CPU
		{D28A8E37-AAEE-4587-9E13-0420D5FAC2FC}.Release|Any CPU.ActiveCfg = Release|Any CPU
		{D28A8E37-AAEE-4587-9E13-0420D5FAC2FC}.Release|Any CPU.Build.0 = Release|Any CPU
		{00C4F55C-0ED8-478D-BE09-70C823B4F7AF}.Debug|Any CPU.ActiveCfg = Debug|Any CPU
		{00C4F55C-0ED8-478D-BE09-70C823B4F7AF}.Debug|Any CPU.Build.0 = Debug|Any CPU
		{00C4F55C-0ED8-478D-BE09-70C823B4F7AF}.Release|Any CPU.ActiveCfg = Release|Any CPU
		{00C4F55C-0ED8-478D-BE09-70C823B4F7AF}.Release|Any CPU.Build.0 = Release|Any CPU
		{AA783515-D343-4C96-9551-346B9C64BDBD}.Debug|Any CPU.ActiveCfg = Debug|Any CPU
		{AA783515-D343-4C96-9551-346B9C64BDBD}.Debug|Any CPU.Build.0 = Debug|Any CPU
		{AA783515-D343-4C96-9551-346B9C64BDBD}.Release|Any CPU.ActiveCfg = Release|Any CPU
		{AA783515-D343-4C96-9551-346B9C64BDBD}.Release|Any CPU.Build.0 = Release|Any CPU
		{4F677819-B4D4-480A-B04F-B14ED8C521F9}.Debug|Any CPU.ActiveCfg = Debug|Any CPU
		{4F677819-B4D4-480A-B04F-B14ED8C521F9}.Debug|Any CPU.Build.0 = Debug|Any CPU
		{4F677819-B4D4-480A-B04F-B14ED8C521F9}.Release|Any CPU.ActiveCfg = Release|Any CPU
		{4F677819-B4D4-480A-B04F-B14ED8C521F9}.Release|Any CPU.Build.0 = Release|Any CPU
		{8294F9AC-ADCE-4C91-8906-45A03315888C}.Debug|Any CPU.ActiveCfg = Debug|Any CPU
		{8294F9AC-ADCE-4C91-8906-45A03315888C}.Debug|Any CPU.Build.0 = Debug|Any CPU
		{8294F9AC-ADCE-4C91-8906-45A03315888C}.Release|Any CPU.ActiveCfg = Release|Any CPU
		{8294F9AC-ADCE-4C91-8906-45A03315888C}.Release|Any CPU.Build.0 = Release|Any CPU
		{AF085BAD-95F7-4E87-813D-CAEEC4A23029}.Debug|Any CPU.ActiveCfg = Debug|Any CPU
		{AF085BAD-95F7-4E87-813D-CAEEC4A23029}.Debug|Any CPU.Build.0 = Debug|Any CPU
		{AF085BAD-95F7-4E87-813D-CAEEC4A23029}.Release|Any CPU.ActiveCfg = Release|Any CPU
		{AF085BAD-95F7-4E87-813D-CAEEC4A23029}.Release|Any CPU.Build.0 = Release|Any CPU
		{7326AEBA-6CFC-4E80-AD43-31C37C71ADF0}.Debug|Any CPU.ActiveCfg = Debug|Any CPU
		{7326AEBA-6CFC-4E80-AD43-31C37C71ADF0}.Debug|Any CPU.Build.0 = Debug|Any CPU
		{7326AEBA-6CFC-4E80-AD43-31C37C71ADF0}.Release|Any CPU.ActiveCfg = Release|Any CPU
		{7326AEBA-6CFC-4E80-AD43-31C37C71ADF0}.Release|Any CPU.Build.0 = Release|Any CPU
		{4F66B01E-6E7A-485F-89DD-CA7F48A0C661}.Debug|Any CPU.ActiveCfg = Debug|Any CPU
		{4F66B01E-6E7A-485F-89DD-CA7F48A0C661}.Debug|Any CPU.Build.0 = Debug|Any CPU
		{4F66B01E-6E7A-485F-89DD-CA7F48A0C661}.Release|Any CPU.ActiveCfg = Release|Any CPU
		{4F66B01E-6E7A-485F-89DD-CA7F48A0C661}.Release|Any CPU.Build.0 = Release|Any CPU
		{80C51076-AAB2-4B55-BFF1-5761EB7F7335}.Debug|Any CPU.ActiveCfg = Debug|Any CPU
		{80C51076-AAB2-4B55-BFF1-5761EB7F7335}.Debug|Any CPU.Build.0 = Debug|Any CPU
		{80C51076-AAB2-4B55-BFF1-5761EB7F7335}.Release|Any CPU.ActiveCfg = Release|Any CPU
		{80C51076-AAB2-4B55-BFF1-5761EB7F7335}.Release|Any CPU.Build.0 = Release|Any CPU
		{6BE545DF-3C33-4125-9B25-778A76CFA154}.Debug|Any CPU.ActiveCfg = Debug|Any CPU
		{6BE545DF-3C33-4125-9B25-778A76CFA154}.Debug|Any CPU.Build.0 = Debug|Any CPU
		{6BE545DF-3C33-4125-9B25-778A76CFA154}.Release|Any CPU.ActiveCfg = Release|Any CPU
		{6BE545DF-3C33-4125-9B25-778A76CFA154}.Release|Any CPU.Build.0 = Release|Any CPU
		{1CE31FF3-B118-4EED-8C6A-3E5EC2FA63DB}.Debug|Any CPU.ActiveCfg = Debug|Any CPU
		{1CE31FF3-B118-4EED-8C6A-3E5EC2FA63DB}.Debug|Any CPU.Build.0 = Debug|Any CPU
		{1CE31FF3-B118-4EED-8C6A-3E5EC2FA63DB}.Release|Any CPU.ActiveCfg = Release|Any CPU
		{1CE31FF3-B118-4EED-8C6A-3E5EC2FA63DB}.Release|Any CPU.Build.0 = Release|Any CPU
		{E84906CF-7970-4BFA-833F-6C4E3A173F37}.Debug|Any CPU.ActiveCfg = Debug|Any CPU
		{E84906CF-7970-4BFA-833F-6C4E3A173F37}.Debug|Any CPU.Build.0 = Debug|Any CPU
		{E84906CF-7970-4BFA-833F-6C4E3A173F37}.Release|Any CPU.ActiveCfg = Release|Any CPU
		{E84906CF-7970-4BFA-833F-6C4E3A173F37}.Release|Any CPU.Build.0 = Release|Any CPU
		{D01A01B2-75E4-4BE4-9B9F-1545AC5D0B7A}.Debug|Any CPU.ActiveCfg = Debug|Any CPU
		{D01A01B2-75E4-4BE4-9B9F-1545AC5D0B7A}.Debug|Any CPU.Build.0 = Debug|Any CPU
		{D01A01B2-75E4-4BE4-9B9F-1545AC5D0B7A}.Release|Any CPU.ActiveCfg = Release|Any CPU
		{D01A01B2-75E4-4BE4-9B9F-1545AC5D0B7A}.Release|Any CPU.Build.0 = Release|Any CPU
		{F0587E34-ACAB-4379-8441-506BF0ACA7F7}.Debug|Any CPU.ActiveCfg = Debug|Any CPU
		{F0587E34-ACAB-4379-8441-506BF0ACA7F7}.Debug|Any CPU.Build.0 = Debug|Any CPU
		{F0587E34-ACAB-4379-8441-506BF0ACA7F7}.Release|Any CPU.ActiveCfg = Release|Any CPU
		{F0587E34-ACAB-4379-8441-506BF0ACA7F7}.Release|Any CPU.Build.0 = Release|Any CPU
		{051D29A1-0E69-4CB6-9E3A-1752B47E16E4}.Debug|Any CPU.ActiveCfg = Debug|Any CPU
		{051D29A1-0E69-4CB6-9E3A-1752B47E16E4}.Debug|Any CPU.Build.0 = Debug|Any CPU
		{051D29A1-0E69-4CB6-9E3A-1752B47E16E4}.Release|Any CPU.ActiveCfg = Release|Any CPU
		{051D29A1-0E69-4CB6-9E3A-1752B47E16E4}.Release|Any CPU.Build.0 = Release|Any CPU
	EndGlobalSection
	GlobalSection(SolutionProperties) = preSolution
		HideSolutionNode = FALSE
	EndGlobalSection
	GlobalSection(ExtensibilityGlobals) = postSolution
		SolutionGuid = {A8175241-11AA-4FA2-9489-F0F578765C65}
	EndGlobalSection
EndGlobal
