
Microsoft Visual Studio Solution File, Format Version 12.00
# Visual Studio Version 17
VisualStudioVersion = 17.7.34221.43
MinimumVisualStudioVersion = 10.0.40219.1
Project("{FAE04EC0-301F-11D3-BF4B-00C04F79EFBC}") = "MultiTab", "MultiTab.csproj", "{AD2AA18E-9782-478F-B3B6-F9A8FFA8B0B3}"
EndProject
Global
	GlobalSection(SolutionConfigurationPlatforms) = preSolution
		Debug|Any CPU = Debug|Any CPU
		Release|Any CPU = Release|Any CPU
	EndGlobalSection
	GlobalSection(ProjectConfigurationPlatforms) = postSolution
		{AD2AA18E-9782-478F-B3B6-F9A8FFA8B0B3}.Debug|Any CPU.ActiveCfg = Debug|Any CPU
		{AD2AA18E-9782-478F-B3B6-F9A8FFA8B0B3}.Debug|Any CPU.Build.0 = Debug|Any CPU
		{AD2AA18E-9782-478F-B3B6-F9A8FFA8B0B3}.Release|Any CPU.ActiveCfg = Release|Any CPU
		{AD2AA18E-9782-478F-B3B6-F9A8FFA8B0B3}.Release|Any CPU.Build.0 = Release|Any CPU
	EndGlobalSection
	GlobalSection(SolutionProperties) = preSolution
		HideSolutionNode = FALSE
	EndGlobalSection
	GlobalSection(ExtensibilityGlobals) = postSolution
		SolutionGuid = {06A9C52C-251D-46BC-8CD0-24C0639D52E3}
	EndGlobalSection
EndGlobal
